// !$*UTF8*$!
{
	archiveVersion = 1;
	classes = {
	};
	objectVersion = 46;
	objects = {

/* Begin PBXBuildFile section */
		FE3D23F71C0E23D70076C016 /* AppDelegate.swift in Sources */ = {isa = PBXBuildFile; fileRef = FE3D23F61C0E23D70076C016 /* AppDelegate.swift */; };
		FE3D23FC1C0E23D70076C016 /* Main.storyboard in Resources */ = {isa = PBXBuildFile; fileRef = FE3D23FA1C0E23D70076C016 /* Main.storyboard */; };
		FE3D23FF1C0E23D70076C016 /* _2_InDueTimeRedux.xcdatamodeld in Sources */ = {isa = PBXBuildFile; fileRef = FE3D23FD1C0E23D70076C016 /* _2_InDueTimeRedux.xcdatamodeld */; };
		FE3D24011C0E23D70076C016 /* Assets.xcassets in Resources */ = {isa = PBXBuildFile; fileRef = FE3D24001C0E23D70076C016 /* Assets.xcassets */; };
		FE3D24041C0E23D70076C016 /* LaunchScreen.storyboard in Resources */ = {isa = PBXBuildFile; fileRef = FE3D24021C0E23D70076C016 /* LaunchScreen.storyboard */; };
		FE3D240F1C0E259D0076C016 /* List+CoreDataProperties.swift in Sources */ = {isa = PBXBuildFile; fileRef = FE3D240D1C0E259D0076C016 /* List+CoreDataProperties.swift */; };
		FE3D24101C0E259D0076C016 /* List.swift in Sources */ = {isa = PBXBuildFile; fileRef = FE3D240E1C0E259D0076C016 /* List.swift */; };
		FE3D24121C0E26120076C016 /* ListTableViewController.swift in Sources */ = {isa = PBXBuildFile; fileRef = FE3D24111C0E26120076C016 /* ListTableViewController.swift */; };
		FE3D24141C0E26FA0076C016 /* ListCell.swift in Sources */ = {isa = PBXBuildFile; fileRef = FE3D24131C0E26FA0076C016 /* ListCell.swift */; };
/* End PBXBuildFile section */

/* Begin PBXFileReference section */
		FE3D23F31C0E23D70076C016 /* 12-InDueTimeRedux.app */ = {isa = PBXFileReference; explicitFileType = wrapper.application; includeInIndex = 0; path = "12-InDueTimeRedux.app"; sourceTree = BUILT_PRODUCTS_DIR; };
		FE3D23F61C0E23D70076C016 /* AppDelegate.swift */ = {isa = PBXFileReference; lastKnownFileType = sourcecode.swift; path = AppDelegate.swift; sourceTree = "<group>"; };
		FE3D23FB1C0E23D70076C016 /* Base */ = {isa = PBXFileReference; lastKnownFileType = file.storyboard; name = Base; path = Base.lproj/Main.storyboard; sourceTree = "<group>"; };
		FE3D23FE1C0E23D70076C016 /* _2_InDueTimeRedux.xcdatamodel */ = {isa = PBXFileReference; lastKnownFileType = wrapper.xcdatamodel; path = _2_InDueTimeRedux.xcdatamodel; sourceTree = "<group>"; };
		FE3D24001C0E23D70076C016 /* Assets.xcassets */ = {isa = PBXFileReference; lastKnownFileType = folder.assetcatalog; path = Assets.xcassets; sourceTree = "<group>"; };
		FE3D24031C0E23D70076C016 /* Base */ = {isa = PBXFileReference; lastKnownFileType = file.storyboard; name = Base; path = Base.lproj/LaunchScreen.storyboard; sourceTree = "<group>"; };
		FE3D24051C0E23D70076C016 /* Info.plist */ = {isa = PBXFileReference; lastKnownFileType = text.plist.xml; path = Info.plist; sourceTree = "<group>"; };
		FE3D240D1C0E259D0076C016 /* List+CoreDataProperties.swift */ = {isa = PBXFileReference; fileEncoding = 4; lastKnownFileType = sourcecode.swift; name = "List+CoreDataProperties.swift"; path = "../List+CoreDataProperties.swift"; sourceTree = "<group>"; };
		FE3D240E1C0E259D0076C016 /* List.swift */ = {isa = PBXFileReference; fileEncoding = 4; lastKnownFileType = sourcecode.swift; name = List.swift; path = ../List.swift; sourceTree = "<group>"; };
		FE3D24111C0E26120076C016 /* ListTableViewController.swift */ = {isa = PBXFileReference; fileEncoding = 4; lastKnownFileType = sourcecode.swift; path = ListTableViewController.swift; sourceTree = "<group>"; };
		FE3D24131C0E26FA0076C016 /* ListCell.swift */ = {isa = PBXFileReference; fileEncoding = 4; lastKnownFileType = sourcecode.swift; path = ListCell.swift; sourceTree = "<group>"; };
/* End PBXFileReference section */

/* Begin PBXFrameworksBuildPhase section */
		FE3D23F01C0E23D70076C016 /* Frameworks */ = {
			isa = PBXFrameworksBuildPhase;
			buildActionMask = 2147483647;
			files = (
			);
			runOnlyForDeploymentPostprocessing = 0;
		};
/* End PBXFrameworksBuildPhase section */

/* Begin PBXGroup section */
		FE3D23EA1C0E23D70076C016 = {
			isa = PBXGroup;
			children = (
				FE3D23F51C0E23D70076C016 /* 12-InDueTimeRedux */,
				FE3D23F41C0E23D70076C016 /* Products */,
			);
			sourceTree = "<group>";
		};
		FE3D23F41C0E23D70076C016 /* Products */ = {
			isa = PBXGroup;
			children = (
				FE3D23F31C0E23D70076C016 /* 12-InDueTimeRedux.app */,
			);
			name = Products;
			sourceTree = "<group>";
		};
		FE3D23F51C0E23D70076C016 /* 12-InDueTimeRedux */ = {
			isa = PBXGroup;
			children = (
				FE3D240D1C0E259D0076C016 /* List+CoreDataProperties.swift */,
				FE3D240E1C0E259D0076C016 /* List.swift */,
				FE3D23F61C0E23D70076C016 /* AppDelegate.swift */,
				FE3D23FA1C0E23D70076C016 /* Main.storyboard */,
				FE3D24111C0E26120076C016 /* ListTableViewController.swift */,
				FE3D24131C0E26FA0076C016 /* ListCell.swift */,
				FE3D24001C0E23D70076C016 /* Assets.xcassets */,
				FE3D24021C0E23D70076C016 /* LaunchScreen.storyboard */,
				FE3D24051C0E23D70076C016 /* Info.plist */,
				FE3D23FD1C0E23D70076C016 /* _2_InDueTimeRedux.xcdatamodeld */,
			);
			path = "12-InDueTimeRedux";
			sourceTree = "<group>";
		};
/* End PBXGroup section */

/* Begin PBXNativeTarget section */
		FE3D23F21C0E23D70076C016 /* 12-InDueTimeRedux */ = {
			isa = PBXNativeTarget;
			buildConfigurationList = FE3D24081C0E23D70076C016 /* Build configuration list for PBXNativeTarget "12-InDueTimeRedux" */;
			buildPhases = (
				FE3D23EF1C0E23D70076C016 /* Sources */,
				FE3D23F01C0E23D70076C016 /* Frameworks */,
				FE3D23F11C0E23D70076C016 /* Resources */,
			);
			buildRules = (
			);
			dependencies = (
			);
			name = "12-InDueTimeRedux";
			productName = "12-InDueTimeRedux";
			productReference = FE3D23F31C0E23D70076C016 /* 12-InDueTimeRedux.app */;
			productType = "com.apple.product-type.application";
		};
/* End PBXNativeTarget section */

/* Begin PBXProject section */
		FE3D23EB1C0E23D70076C016 /* Project object */ = {
			isa = PBXProject;
			attributes = {
				LastSwiftUpdateCheck = 0710;
				LastUpgradeCheck = 0710;
				ORGANIZATIONNAME = "The Iron Yard";
				TargetAttributes = {
					FE3D23F21C0E23D70076C016 = {
						CreatedOnToolsVersion = 7.1;
						DevelopmentTeam = W89Q7DEDF7;
					};
				};
			};
			buildConfigurationList = FE3D23EE1C0E23D70076C016 /* Build configuration list for PBXProject "12-InDueTimeRedux" */;
			compatibilityVersion = "Xcode 3.2";
			developmentRegion = English;
			hasScannedForEncodings = 0;
			knownRegions = (
				en,
				Base,
			);
			mainGroup = FE3D23EA1C0E23D70076C016;
			productRefGroup = FE3D23F41C0E23D70076C016 /* Products */;
			projectDirPath = "";
			projectRoot = "";
			targets = (
				FE3D23F21C0E23D70076C016 /* 12-InDueTimeRedux */,
			);
		};
/* End PBXProject section */

/* Begin PBXResourcesBuildPhase section */
		FE3D23F11C0E23D70076C016 /* Resources */ = {
			isa = PBXResourcesBuildPhase;
			buildActionMask = 2147483647;
			files = (
				FE3D24041C0E23D70076C016 /* LaunchScreen.storyboard in Resources */,
				FE3D24011C0E23D70076C016 /* Assets.xcassets in Resources */,
				FE3D23FC1C0E23D70076C016 /* Main.storyboard in Resources */,
			);
			runOnlyForDeploymentPostprocessing = 0;
		};
/* End PBXResourcesBuildPhase section */

/* Begin PBXSourcesBuildPhase section */
		FE3D23EF1C0E23D70076C016 /* Sources */ = {
			isa = PBXSourcesBuildPhase;
			buildActionMask = 2147483647;
			files = (
				FE3D23FF1C0E23D70076C016 /* _2_InDueTimeRedux.xcdatamodeld in Sources */,
				FE3D240F1C0E259D0076C016 /* List+CoreDataProperties.swift in Sources */,
				FE3D23F71C0E23D70076C016 /* AppDelegate.swift in Sources */,
				FE3D24121C0E26120076C016 /* ListTableViewController.swift in Sources */,
				FE3D24101C0E259D0076C016 /* List.swift in Sources */,
				FE3D24141C0E26FA0076C016 /* ListCell.swift in Sources */,
			);
			runOnlyForDeploymentPostprocessing = 0;
		};
/* End PBXSourcesBuildPhase section */

/* Begin PBXVariantGroup section */
		FE3D23FA1C0E23D70076C016 /* Main.storyboard */ = {
			isa = PBXVariantGroup;
			children = (
				FE3D23FB1C0E23D70076C016 /* Base */,
			);
			name = Main.storyboard;
			sourceTree = "<group>";
		};
		FE3D24021C0E23D70076C016 /* LaunchScreen.storyboard */ = {
			isa = PBXVariantGroup;
			children = (
				FE3D24031C0E23D70076C016 /* Base */,
			);
			name = LaunchScreen.storyboard;
			sourceTree = "<group>";
		};
/* End PBXVariantGroup section */

/* Begin XCBuildConfiguration section */
		FE3D24061C0E23D70076C016 /* Debug */ = {
			isa = XCBuildConfiguration;
			buildSettings = {
				ALWAYS_SEARCH_USER_PATHS = NO;
				CLANG_CXX_LANGUAGE_STANDARD = "gnu++0x";
				CLANG_CXX_LIBRARY = "libc++";
				CLANG_ENABLE_MODULES = YES;
				CLANG_ENABLE_OBJC_ARC = YES;
				CLANG_WARN_BOOL_CONVERSION = YES;
				CLANG_WARN_CONSTANT_CONVERSION = YES;
				CLANG_WARN_DIRECT_OBJC_ISA_USAGE = YES_ERROR;
				CLANG_WARN_EMPTY_BODY = YES;
				CLANG_WARN_ENUM_CONVERSION = YES;
				CLANG_WARN_INT_CONVERSION = YES;
				CLANG_WARN_OBJC_ROOT_CLASS = YES_ERROR;
				CLANG_WARN_UNREACHABLE_CODE = YES;
				CLANG_WARN__DUPLICATE_METHOD_MATCH = YES;
				"CODE_SIGN_IDENTITY[sdk=iphoneos*]" = "iPhone Developer";
				COPY_PHASE_STRIP = NO;
				DEBUG_INFORMATION_FORMAT = dwarf;
				ENABLE_STRICT_OBJC_MSGSEND = YES;
				ENABLE_TESTABILITY = YES;
				GCC_C_LANGUAGE_STANDARD = gnu99;
				GCC_DYNAMIC_NO_PIC = NO;
				GCC_NO_COMMON_BLOCKS = YES;
				GCC_OPTIMIZATION_LEVEL = 0;
				GCC_PREPROCESSOR_DEFINITIONS = (
					"DEBUG=1",
					"$(inherited)",
				);
				GCC_WARN_64_TO_32_BIT_CONVERSION = YES;
				GCC_WARN_ABOUT_RETURN_TYPE = YES_ERROR;
				GCC_WARN_UNDECLARED_SELECTOR = YES;
				GCC_WARN_UNINITIALIZED_AUTOS = YES_AGGRESSIVE;
				GCC_WARN_UNUSED_FUNCTION = YES;
				GCC_WARN_UNUSED_VARIABLE = YES;
				IPHONEOS_DEPLOYMENT_TARGET = 9.1;
				MTL_ENABLE_DEBUG_INFO = YES;
				ONLY_ACTIVE_ARCH = YES;
				SDKROOT = iphoneos;
				SWIFT_OPTIMIZATION_LEVEL = "-Onone";
			};
			name = Debug;
		};
		FE3D24071C0E23D70076C016 /* Release */ = {
			isa = XCBuildConfiguration;
			buildSettings = {
				ALWAYS_SEARCH_USER_PATHS = NO;
				CLANG_CXX_LANGUAGE_STANDARD = "gnu++0x";
				CLANG_CXX_LIBRARY = "libc++";
				CLANG_ENABLE_MODULES = YES;
				CLANG_ENABLE_OBJC_ARC = YES;
				CLANG_WARN_BOOL_CONVERSION = YES;
				CLANG_WARN_CONSTANT_CONVERSION = YES;
				CLANG_WARN_DIRECT_OBJC_ISA_USAGE = YES_ERROR;
				CLANG_WARN_EMPTY_BODY = YES;
				CLANG_WARN_ENUM_CONVERSION = YES;
				CLANG_WARN_INT_CONVERSION = YES;
				CLANG_WARN_OBJC_ROOT_CLASS = YES_ERROR;
				CLANG_WARN_UNREACHABLE_CODE = YES;
				CLANG_WARN__DUPLICATE_METHOD_MATCH = YES;
				"CODE_SIGN_IDENTITY[sdk=iphoneos*]" = "iPhone Developer";
				COPY_PHASE_STRIP = NO;
				DEBUG_INFORMATION_FORMAT = "dwarf-with-dsym";
				ENABLE_NS_ASSERTIONS = NO;
				ENABLE_STRICT_OBJC_MSGSEND = YES;
				GCC_C_LANGUAGE_STANDARD = gnu99;
				GCC_NO_COMMON_BLOCKS = YES;
				GCC_WARN_64_TO_32_BIT_CONVERSION = YES;
				GCC_WARN_ABOUT_RETURN_TYPE = YES_ERROR;
				GCC_WARN_UNDECLARED_SELECTOR = YES;
				GCC_WARN_UNINITIALIZED_AUTOS = YES_AGGRESSIVE;
				GCC_WARN_UNUSED_FUNCTION = YES;
				GCC_WARN_UNUSED_VARIABLE = YES;
				IPHONEOS_DEPLOYMENT_TARGET = 9.1;
				MTL_ENABLE_DEBUG_INFO = NO;
				SDKROOT = iphoneos;
				VALIDATE_PRODUCT = YES;
			};
			name = Release;
		};
		FE3D24091C0E23D70076C016 /* Debug */ = {
			isa = XCBuildConfiguration;
			buildSettings = {
				ASSETCATALOG_COMPILER_APPICON_NAME = AppIcon;
				INFOPLIST_FILE = "12-InDueTimeRedux/Info.plist";
				LD_RUNPATH_SEARCH_PATHS = "$(inherited) @executable_path/Frameworks";
				PRODUCT_BUNDLE_IDENTIFIER = "com.tiy.-2-InDueTimeRedux";
				PRODUCT_NAME = "$(TARGET_NAME)";
			};
			name = Debug;
		};
		FE3D240A1C0E23D70076C016 /* Release */ = {
			isa = XCBuildConfiguration;
			buildSettings = {
				ASSETCATALOG_COMPILER_APPICON_NAME = AppIcon;
				INFOPLIST_FILE = "12-InDueTimeRedux/Info.plist";
				LD_RUNPATH_SEARCH_PATHS = "$(inherited) @executable_path/Frameworks";
				PRODUCT_BUNDLE_IDENTIFIER = "com.tiy.-2-InDueTimeRedux";
				PRODUCT_NAME = "$(TARGET_NAME)";
			};
			name = Release;
		};
/* End XCBuildConfiguration section */

/* Begin XCConfigurationList section */
		FE3D23EE1C0E23D70076C016 /* Build configuration list for PBXProject "12-InDueTimeRedux" */ = {
			isa = XCConfigurationList;
			buildConfigurations = (
				FE3D24061C0E23D70076C016 /* Debug */,
				FE3D24071C0E23D70076C016 /* Release */,
			);
			defaultConfigurationIsVisible = 0;
			defaultConfigurationName = Release;
		};
		FE3D24081C0E23D70076C016 /* Build configuration list for PBXNativeTarget "12-InDueTimeRedux" */ = {
			isa = XCConfigurationList;
			buildConfigurations = (
				FE3D24091C0E23D70076C016 /* Debug */,
				FE3D240A1C0E23D70076C016 /* Release */,
			);
			defaultConfigurationIsVisible = 0;
		};
/* End XCConfigurationList section */

/* Begin XCVersionGroup section */
		FE3D23FD1C0E23D70076C016 /* _2_InDueTimeRedux.xcdatamodeld */ = {
			isa = XCVersionGroup;
			children = (
				FE3D23FE1C0E23D70076C016 /* _2_InDueTimeRedux.xcdatamodel */,
			);
			currentVersion = FE3D23FE1C0E23D70076C016 /* _2_InDueTimeRedux.xcdatamodel */;
			path = _2_InDueTimeRedux.xcdatamodeld;
			sourceTree = "<group>";
			versionGroupType = wrapper.xcdatamodel;
		};
/* End XCVersionGroup section */
	};
	rootObject = FE3D23EB1C0E23D70076C016 /* Project object */;
}
