// !$*UTF8*$!
{
	archiveVersion = 1;
	classes = {
	};
	objectVersion = 46;
	objects = {

/* Begin PBXBuildFile section */
		FEA8E5B71BCD7D16006BF6F0 /* AppDelegate.swift in Sources */ = {isa = PBXBuildFile; fileRef = FEA8E5B61BCD7D16006BF6F0 /* AppDelegate.swift */; };
		FEA8E5B91BCD7D16006BF6F0 /* ViewController.swift in Sources */ = {isa = PBXBuildFile; fileRef = FEA8E5B81BCD7D16006BF6F0 /* ViewController.swift */; };
		FEA8E5BC1BCD7D16006BF6F0 /* Main.storyboard in Resources */ = {isa = PBXBuildFile; fileRef = FEA8E5BA1BCD7D16006BF6F0 /* Main.storyboard */; };
		FEA8E5BE1BCD7D16006BF6F0 /* Assets.xcassets in Resources */ = {isa = PBXBuildFile; fileRef = FEA8E5BD1BCD7D16006BF6F0 /* Assets.xcassets */; };
		FEA8E5C11BCD7D16006BF6F0 /* LaunchScreen.storyboard in Resources */ = {isa = PBXBuildFile; fileRef = FEA8E5BF1BCD7D16006BF6F0 /* LaunchScreen.storyboard */; };
/* End PBXBuildFile section */

/* Begin PBXFileReference section */
		FEA8E5B31BCD7D16006BF6F0 /* 07--Jackpot.app */ = {isa = PBXFileReference; explicitFileType = wrapper.application; includeInIndex = 0; path = "07--Jackpot.app"; sourceTree = BUILT_PRODUCTS_DIR; };
		FEA8E5B61BCD7D16006BF6F0 /* AppDelegate.swift */ = {isa = PBXFileReference; lastKnownFileType = sourcecode.swift; path = AppDelegate.swift; sourceTree = "<group>"; };
		FEA8E5B81BCD7D16006BF6F0 /* ViewController.swift */ = {isa = PBXFileReference; lastKnownFileType = sourcecode.swift; path = ViewController.swift; sourceTree = "<group>"; };
		FEA8E5BB1BCD7D16006BF6F0 /* Base */ = {isa = PBXFileReference; lastKnownFileType = file.storyboard; name = Base; path = Base.lproj/Main.storyboard; sourceTree = "<group>"; };
		FEA8E5BD1BCD7D16006BF6F0 /* Assets.xcassets */ = {isa = PBXFileReference; lastKnownFileType = folder.assetcatalog; path = Assets.xcassets; sourceTree = "<group>"; };
		FEA8E5C01BCD7D16006BF6F0 /* Base */ = {isa = PBXFileReference; lastKnownFileType = file.storyboard; name = Base; path = Base.lproj/LaunchScreen.storyboard; sourceTree = "<group>"; };
		FEA8E5C21BCD7D16006BF6F0 /* Info.plist */ = {isa = PBXFileReference; lastKnownFileType = text.plist.xml; path = Info.plist; sourceTree = "<group>"; };
/* End PBXFileReference section */

/* Begin PBXFrameworksBuildPhase section */
		FEA8E5B01BCD7D16006BF6F0 /* Frameworks */ = {
			isa = PBXFrameworksBuildPhase;
			buildActionMask = 2147483647;
			files = (
			);
			runOnlyForDeploymentPostprocessing = 0;
		};
/* End PBXFrameworksBuildPhase section */

/* Begin PBXGroup section */
		FEA8E5AA1BCD7D16006BF6F0 = {
			isa = PBXGroup;
			children = (
				FEA8E5B51BCD7D16006BF6F0 /* 07--Jackpot */,
				FEA8E5B41BCD7D16006BF6F0 /* Products */,
			);
			sourceTree = "<group>";
		};
		FEA8E5B41BCD7D16006BF6F0 /* Products */ = {
			isa = PBXGroup;
			children = (
				FEA8E5B31BCD7D16006BF6F0 /* 07--Jackpot.app */,
			);
			name = Products;
			sourceTree = "<group>";
		};
		FEA8E5B51BCD7D16006BF6F0 /* 07--Jackpot */ = {
			isa = PBXGroup;
			children = (
				FEA8E5B61BCD7D16006BF6F0 /* AppDelegate.swift */,
				FEA8E5B81BCD7D16006BF6F0 /* ViewController.swift */,
				FEA8E5BA1BCD7D16006BF6F0 /* Main.storyboard */,
				FEA8E5BD1BCD7D16006BF6F0 /* Assets.xcassets */,
				FEA8E5BF1BCD7D16006BF6F0 /* LaunchScreen.storyboard */,
				FEA8E5C21BCD7D16006BF6F0 /* Info.plist */,
			);
			path = "07--Jackpot";
			sourceTree = "<group>";
		};
/* End PBXGroup section */

/* Begin PBXNativeTarget section */
		FEA8E5B21BCD7D16006BF6F0 /* 07--Jackpot */ = {
			isa = PBXNativeTarget;
			buildConfigurationList = FEA8E5C51BCD7D16006BF6F0 /* Build configuration list for PBXNativeTarget "07--Jackpot" */;
			buildPhases = (
				FEA8E5AF1BCD7D16006BF6F0 /* Sources */,
				FEA8E5B01BCD7D16006BF6F0 /* Frameworks */,
				FEA8E5B11BCD7D16006BF6F0 /* Resources */,
			);
			buildRules = (
			);
			dependencies = (
			);
			name = "07--Jackpot";
			productName = "07--Jackpot";
			productReference = FEA8E5B31BCD7D16006BF6F0 /* 07--Jackpot.app */;
			productType = "com.apple.product-type.application";
		};
/* End PBXNativeTarget section */

/* Begin PBXProject section */
		FEA8E5AB1BCD7D16006BF6F0 /* Project object */ = {
			isa = PBXProject;
			attributes = {
				LastUpgradeCheck = 0700;
				ORGANIZATIONNAME = "The Iron Yard";
				TargetAttributes = {
					FEA8E5B21BCD7D16006BF6F0 = {
						CreatedOnToolsVersion = 7.0.1;
						DevelopmentTeam = W89Q7DEDF7;
					};
				};
			};
			buildConfigurationList = FEA8E5AE1BCD7D16006BF6F0 /* Build configuration list for PBXProject "07--Jackpot" */;
			compatibilityVersion = "Xcode 3.2";
			developmentRegion = English;
			hasScannedForEncodings = 0;
			knownRegions = (
				en,
				Base,
			);
			mainGroup = FEA8E5AA1BCD7D16006BF6F0;
			productRefGroup = FEA8E5B41BCD7D16006BF6F0 /* Products */;
			projectDirPath = "";
			projectRoot = "";
			targets = (
				FEA8E5B21BCD7D16006BF6F0 /* 07--Jackpot */,
			);
		};
/* End PBXProject section */

/* Begin PBXResourcesBuildPhase section */
		FEA8E5B11BCD7D16006BF6F0 /* Resources */ = {
			isa = PBXResourcesBuildPhase;
			buildActionMask = 2147483647;
			files = (
				FEA8E5C11BCD7D16006BF6F0 /* LaunchScreen.storyboard in Resources */,
				FEA8E5BE1BCD7D16006BF6F0 /* Assets.xcassets in Resources */,
				FEA8E5BC1BCD7D16006BF6F0 /* Main.storyboard in Resources */,
			);
			runOnlyForDeploymentPostprocessing = 0;
		};
/* End PBXResourcesBuildPhase section */

/* Begin PBXSourcesBuildPhase section */
		FEA8E5AF1BCD7D16006BF6F0 /* Sources */ = {
			isa = PBXSourcesBuildPhase;
			buildActionMask = 2147483647;
			files = (
				FEA8E5B91BCD7D16006BF6F0 /* ViewController.swift in Sources */,
				FEA8E5B71BCD7D16006BF6F0 /* AppDelegate.swift in Sources */,
			);
			runOnlyForDeploymentPostprocessing = 0;
		};
/* End PBXSourcesBuildPhase section */

/* Begin PBXVariantGroup section */
		FEA8E5BA1BCD7D16006BF6F0 /* Main.storyboard */ = {
			isa = PBXVariantGroup;
			children = (
				FEA8E5BB1BCD7D16006BF6F0 /* Base */,
			);
			name = Main.storyboard;
			sourceTree = "<group>";
		};
		FEA8E5BF1BCD7D16006BF6F0 /* LaunchScreen.storyboard */ = {
			isa = PBXVariantGroup;
			children = (
				FEA8E5C01BCD7D16006BF6F0 /* Base */,
			);
			name = LaunchScreen.storyboard;
			sourceTree = "<group>";
		};
/* End PBXVariantGroup section */

/* Begin XCBuildConfiguration section */
		FEA8E5C31BCD7D16006BF6F0 /* Debug */ = {
			isa = XCBuildConfiguration;
			buildSettings = {
				ALWAYS_SEARCH_USER_PATHS = NO;
				CLANG_CXX_LANGUAGE_STANDARD = "gnu++0x";
				CLANG_CXX_LIBRARY = "libc++";
				CLANG_ENABLE_MODULES = YES;
				CLANG_ENABLE_OBJC_ARC = YES;
				CLANG_WARN_BOOL_CONVERSION = YES;
				CLANG_WARN_CONSTANT_CONVERSION = YES;
				CLANG_WARN_DIRECT_OBJC_ISA_USAGE = YES_ERROR;
				CLANG_WARN_EMPTY_BODY = YES;
				CLANG_WARN_ENUM_CONVERSION = YES;
				CLANG_WARN_INT_CONVERSION = YES;
				CLANG_WARN_OBJC_ROOT_CLASS = YES_ERROR;
				CLANG_WARN_UNREACHABLE_CODE = YES;
				CLANG_WARN__DUPLICATE_METHOD_MATCH = YES;
				"CODE_SIGN_IDENTITY[sdk=iphoneos*]" = "iPhone Developer";
				COPY_PHASE_STRIP = NO;
				DEBUG_INFORMATION_FORMAT = dwarf;
				ENABLE_STRICT_OBJC_MSGSEND = YES;
				ENABLE_TESTABILITY = YES;
				GCC_C_LANGUAGE_STANDARD = gnu99;
				GCC_DYNAMIC_NO_PIC = NO;
				GCC_NO_COMMON_BLOCKS = YES;
				GCC_OPTIMIZATION_LEVEL = 0;
				GCC_PREPROCESSOR_DEFINITIONS = (
					"DEBUG=1",
					"$(inherited)",
				);
				GCC_WARN_64_TO_32_BIT_CONVERSION = YES;
				GCC_WARN_ABOUT_RETURN_TYPE = YES_ERROR;
				GCC_WARN_UNDECLARED_SELECTOR = YES;
				GCC_WARN_UNINITIALIZED_AUTOS = YES_AGGRESSIVE;
				GCC_WARN_UNUSED_FUNCTION = YES;
				GCC_WARN_UNUSED_VARIABLE = YES;
				IPHONEOS_DEPLOYMENT_TARGET = 9.0;
				MTL_ENABLE_DEBUG_INFO = YES;
				ONLY_ACTIVE_ARCH = YES;
				SDKROOT = iphoneos;
				SWIFT_OPTIMIZATION_LEVEL = "-Onone";
			};
			name = Debug;
		};
		FEA8E5C41BCD7D16006BF6F0 /* Release */ = {
			isa = XCBuildConfiguration;
			buildSettings = {
				ALWAYS_SEARCH_USER_PATHS = NO;
				CLANG_CXX_LANGUAGE_STANDARD = "gnu++0x";
				CLANG_CXX_LIBRARY = "libc++";
				CLANG_ENABLE_MODULES = YES;
				CLANG_ENABLE_OBJC_ARC = YES;
				CLANG_WARN_BOOL_CONVERSION = YES;
				CLANG_WARN_CONSTANT_CONVERSION = YES;
				CLANG_WARN_DIRECT_OBJC_ISA_USAGE = YES_ERROR;
				CLANG_WARN_EMPTY_BODY = YES;
				CLANG_WARN_ENUM_CONVERSION = YES;
				CLANG_WARN_INT_CONVERSION = YES;
				CLANG_WARN_OBJC_ROOT_CLASS = YES_ERROR;
				CLANG_WARN_UNREACHABLE_CODE = YES;
				CLANG_WARN__DUPLICATE_METHOD_MATCH = YES;
				"CODE_SIGN_IDENTITY[sdk=iphoneos*]" = "iPhone Developer";
				COPY_PHASE_STRIP = NO;
				DEBUG_INFORMATION_FORMAT = "dwarf-with-dsym";
				ENABLE_NS_ASSERTIONS = NO;
				ENABLE_STRICT_OBJC_MSGSEND = YES;
				GCC_C_LANGUAGE_STANDARD = gnu99;
				GCC_NO_COMMON_BLOCKS = YES;
				GCC_WARN_64_TO_32_BIT_CONVERSION = YES;
				GCC_WARN_ABOUT_RETURN_TYPE = YES_ERROR;
				GCC_WARN_UNDECLARED_SELECTOR = YES;
				GCC_WARN_UNINITIALIZED_AUTOS = YES_AGGRESSIVE;
				GCC_WARN_UNUSED_FUNCTION = YES;
				GCC_WARN_UNUSED_VARIABLE = YES;
				IPHONEOS_DEPLOYMENT_TARGET = 9.0;
				MTL_ENABLE_DEBUG_INFO = NO;
				SDKROOT = iphoneos;
				VALIDATE_PRODUCT = YES;
			};
			name = Release;
		};
		FEA8E5C61BCD7D16006BF6F0 /* Debug */ = {
			isa = XCBuildConfiguration;
			buildSettings = {
				ASSETCATALOG_COMPILER_APPICON_NAME = AppIcon;
				INFOPLIST_FILE = "07--Jackpot/Info.plist";
				LD_RUNPATH_SEARCH_PATHS = "$(inherited) @executable_path/Frameworks";
				PRODUCT_BUNDLE_IDENTIFIER = "com.tiy.-7--Jackpot";
				PRODUCT_NAME = "$(TARGET_NAME)";
			};
			name = Debug;
		};
		FEA8E5C71BCD7D16006BF6F0 /* Release */ = {
			isa = XCBuildConfiguration;
			buildSettings = {
				ASSETCATALOG_COMPILER_APPICON_NAME = AppIcon;
				INFOPLIST_FILE = "07--Jackpot/Info.plist";
				LD_RUNPATH_SEARCH_PATHS = "$(inherited) @executable_path/Frameworks";
				PRODUCT_BUNDLE_IDENTIFIER = "com.tiy.-7--Jackpot";
				PRODUCT_NAME = "$(TARGET_NAME)";
			};
			name = Release;
		};
/* End XCBuildConfiguration section */

/* Begin XCConfigurationList section */
		FEA8E5AE1BCD7D16006BF6F0 /* Build configuration list for PBXProject "07--Jackpot" */ = {
			isa = XCConfigurationList;
			buildConfigurations = (
				FEA8E5C31BCD7D16006BF6F0 /* Debug */,
				FEA8E5C41BCD7D16006BF6F0 /* Release */,
			);
			defaultConfigurationIsVisible = 0;
			defaultConfigurationName = Release;
		};
		FEA8E5C51BCD7D16006BF6F0 /* Build configuration list for PBXNativeTarget "07--Jackpot" */ = {
			isa = XCConfigurationList;
			buildConfigurations = (
				FEA8E5C61BCD7D16006BF6F0 /* Debug */,
				FEA8E5C71BCD7D16006BF6F0 /* Release */,
			);
			defaultConfigurationIsVisible = 0;
		};
/* End XCConfigurationList section */
	};
	rootObject = FEA8E5AB1BCD7D16006BF6F0 /* Project object */;
}
