// !$*UTF8*$!
{
	archiveVersion = 1;
	classes = {
	};
	objectVersion = 46;
	objects = {

/* Begin PBXBuildFile section */
		FEF6C9461BF5070700585E02 /* main.m in Sources */ = {isa = PBXBuildFile; fileRef = FEF6C9451BF5070700585E02 /* main.m */; };
		FEF6C9491BF5070700585E02 /* AppDelegate.m in Sources */ = {isa = PBXBuildFile; fileRef = FEF6C9481BF5070700585E02 /* AppDelegate.m */; };
		FEF6C94C1BF5070700585E02 /* SearchViewController.m in Sources */ = {isa = PBXBuildFile; fileRef = FEF6C94B1BF5070700585E02 /* SearchViewController.m */; };
		FEF6C94F1BF5070700585E02 /* Main.storyboard in Resources */ = {isa = PBXBuildFile; fileRef = FEF6C94D1BF5070700585E02 /* Main.storyboard */; };
		FEF6C9511BF5070700585E02 /* Assets.xcassets in Resources */ = {isa = PBXBuildFile; fileRef = FEF6C9501BF5070700585E02 /* Assets.xcassets */; };
		FEF6C9541BF5070700585E02 /* LaunchScreen.storyboard in Resources */ = {isa = PBXBuildFile; fileRef = FEF6C9521BF5070700585E02 /* LaunchScreen.storyboard */; };
		FEF6C95D1BF5103E00585E02 /* MovieDetailViewController.m in Sources */ = {isa = PBXBuildFile; fileRef = FEF6C95C1BF5103E00585E02 /* MovieDetailViewController.m */; };
		FEF6C9601BF5108300585E02 /* APIController.m in Sources */ = {isa = PBXBuildFile; fileRef = FEF6C95F1BF5108300585E02 /* APIController.m */; };
/* End PBXBuildFile section */

/* Begin PBXFileReference section */
		FEF6C9411BF5070700585E02 /* 29-MovieMania.app */ = {isa = PBXFileReference; explicitFileType = wrapper.application; includeInIndex = 0; path = "29-MovieMania.app"; sourceTree = BUILT_PRODUCTS_DIR; };
		FEF6C9451BF5070700585E02 /* main.m */ = {isa = PBXFileReference; lastKnownFileType = sourcecode.c.objc; path = main.m; sourceTree = "<group>"; };
		FEF6C9471BF5070700585E02 /* AppDelegate.h */ = {isa = PBXFileReference; lastKnownFileType = sourcecode.c.h; path = AppDelegate.h; sourceTree = "<group>"; };
		FEF6C9481BF5070700585E02 /* AppDelegate.m */ = {isa = PBXFileReference; lastKnownFileType = sourcecode.c.objc; path = AppDelegate.m; sourceTree = "<group>"; };
		FEF6C94A1BF5070700585E02 /* SearchViewController.h */ = {isa = PBXFileReference; lastKnownFileType = sourcecode.c.h; path = SearchViewController.h; sourceTree = "<group>"; };
		FEF6C94B1BF5070700585E02 /* SearchViewController.m */ = {isa = PBXFileReference; lastKnownFileType = sourcecode.c.objc; path = SearchViewController.m; sourceTree = "<group>"; };
		FEF6C94E1BF5070700585E02 /* Base */ = {isa = PBXFileReference; lastKnownFileType = file.storyboard; name = Base; path = Base.lproj/Main.storyboard; sourceTree = "<group>"; };
		FEF6C9501BF5070700585E02 /* Assets.xcassets */ = {isa = PBXFileReference; lastKnownFileType = folder.assetcatalog; path = Assets.xcassets; sourceTree = "<group>"; };
		FEF6C9531BF5070700585E02 /* Base */ = {isa = PBXFileReference; lastKnownFileType = file.storyboard; name = Base; path = Base.lproj/LaunchScreen.storyboard; sourceTree = "<group>"; };
		FEF6C9551BF5070700585E02 /* Info.plist */ = {isa = PBXFileReference; lastKnownFileType = text.plist.xml; path = Info.plist; sourceTree = "<group>"; };
		FEF6C95B1BF5103E00585E02 /* MovieDetailViewController.h */ = {isa = PBXFileReference; fileEncoding = 4; lastKnownFileType = sourcecode.c.h; path = MovieDetailViewController.h; sourceTree = "<group>"; };
		FEF6C95C1BF5103E00585E02 /* MovieDetailViewController.m */ = {isa = PBXFileReference; fileEncoding = 4; lastKnownFileType = sourcecode.c.objc; path = MovieDetailViewController.m; sourceTree = "<group>"; };
		FEF6C95E1BF5108300585E02 /* APIController.h */ = {isa = PBXFileReference; fileEncoding = 4; lastKnownFileType = sourcecode.c.h; path = APIController.h; sourceTree = "<group>"; };
		FEF6C95F1BF5108300585E02 /* APIController.m */ = {isa = PBXFileReference; fileEncoding = 4; lastKnownFileType = sourcecode.c.objc; path = APIController.m; sourceTree = "<group>"; };
/* End PBXFileReference section */

/* Begin PBXFrameworksBuildPhase section */
		FEF6C93E1BF5070700585E02 /* Frameworks */ = {
			isa = PBXFrameworksBuildPhase;
			buildActionMask = 2147483647;
			files = (
			);
			runOnlyForDeploymentPostprocessing = 0;
		};
/* End PBXFrameworksBuildPhase section */

/* Begin PBXGroup section */
		FEF6C9381BF5070700585E02 = {
			isa = PBXGroup;
			children = (
				FEF6C9431BF5070700585E02 /* 29-MovieMania */,
				FEF6C9421BF5070700585E02 /* Products */,
			);
			sourceTree = "<group>";
		};
		FEF6C9421BF5070700585E02 /* Products */ = {
			isa = PBXGroup;
			children = (
				FEF6C9411BF5070700585E02 /* 29-MovieMania.app */,
			);
			name = Products;
			sourceTree = "<group>";
		};
		FEF6C9431BF5070700585E02 /* 29-MovieMania */ = {
			isa = PBXGroup;
			children = (
				FEF6C9471BF5070700585E02 /* AppDelegate.h */,
				FEF6C9481BF5070700585E02 /* AppDelegate.m */,
				FEF6C94A1BF5070700585E02 /* SearchViewController.h */,
				FEF6C94B1BF5070700585E02 /* SearchViewController.m */,
				FEF6C95B1BF5103E00585E02 /* MovieDetailViewController.h */,
				FEF6C95C1BF5103E00585E02 /* MovieDetailViewController.m */,
				FEF6C95E1BF5108300585E02 /* APIController.h */,
				FEF6C95F1BF5108300585E02 /* APIController.m */,
				FEF6C94D1BF5070700585E02 /* Main.storyboard */,
				FEF6C9501BF5070700585E02 /* Assets.xcassets */,
				FEF6C9521BF5070700585E02 /* LaunchScreen.storyboard */,
				FEF6C9551BF5070700585E02 /* Info.plist */,
				FEF6C9441BF5070700585E02 /* Supporting Files */,
			);
			path = "29-MovieMania";
			sourceTree = "<group>";
		};
		FEF6C9441BF5070700585E02 /* Supporting Files */ = {
			isa = PBXGroup;
			children = (
				FEF6C9451BF5070700585E02 /* main.m */,
			);
			name = "Supporting Files";
			sourceTree = "<group>";
		};
/* End PBXGroup section */

/* Begin PBXNativeTarget section */
		FEF6C9401BF5070700585E02 /* 29-MovieMania */ = {
			isa = PBXNativeTarget;
			buildConfigurationList = FEF6C9581BF5070700585E02 /* Build configuration list for PBXNativeTarget "29-MovieMania" */;
			buildPhases = (
				FEF6C93D1BF5070700585E02 /* Sources */,
				FEF6C93E1BF5070700585E02 /* Frameworks */,
				FEF6C93F1BF5070700585E02 /* Resources */,
			);
			buildRules = (
			);
			dependencies = (
			);
			name = "29-MovieMania";
			productName = "29-MovieMania";
			productReference = FEF6C9411BF5070700585E02 /* 29-MovieMania.app */;
			productType = "com.apple.product-type.application";
		};
/* End PBXNativeTarget section */

/* Begin PBXProject section */
		FEF6C9391BF5070700585E02 /* Project object */ = {
			isa = PBXProject;
			attributes = {
				LastUpgradeCheck = 0710;
				ORGANIZATIONNAME = "The Iron Yard";
				TargetAttributes = {
					FEF6C9401BF5070700585E02 = {
						CreatedOnToolsVersion = 7.1;
						DevelopmentTeam = W89Q7DEDF7;
					};
				};
			};
			buildConfigurationList = FEF6C93C1BF5070700585E02 /* Build configuration list for PBXProject "29-MovieMania" */;
			compatibilityVersion = "Xcode 3.2";
			developmentRegion = English;
			hasScannedForEncodings = 0;
			knownRegions = (
				en,
				Base,
			);
			mainGroup = FEF6C9381BF5070700585E02;
			productRefGroup = FEF6C9421BF5070700585E02 /* Products */;
			projectDirPath = "";
			projectRoot = "";
			targets = (
				FEF6C9401BF5070700585E02 /* 29-MovieMania */,
			);
		};
/* End PBXProject section */

/* Begin PBXResourcesBuildPhase section */
		FEF6C93F1BF5070700585E02 /* Resources */ = {
			isa = PBXResourcesBuildPhase;
			buildActionMask = 2147483647;
			files = (
				FEF6C9541BF5070700585E02 /* LaunchScreen.storyboard in Resources */,
				FEF6C9511BF5070700585E02 /* Assets.xcassets in Resources */,
				FEF6C94F1BF5070700585E02 /* Main.storyboard in Resources */,
			);
			runOnlyForDeploymentPostprocessing = 0;
		};
/* End PBXResourcesBuildPhase section */

/* Begin PBXSourcesBuildPhase section */
		FEF6C93D1BF5070700585E02 /* Sources */ = {
			isa = PBXSourcesBuildPhase;
			buildActionMask = 2147483647;
			files = (
				FEF6C95D1BF5103E00585E02 /* MovieDetailViewController.m in Sources */,
				FEF6C9601BF5108300585E02 /* APIController.m in Sources */,
				FEF6C94C1BF5070700585E02 /* SearchViewController.m in Sources */,
				FEF6C9491BF5070700585E02 /* AppDelegate.m in Sources */,
				FEF6C9461BF5070700585E02 /* main.m in Sources */,
			);
			runOnlyForDeploymentPostprocessing = 0;
		};
/* End PBXSourcesBuildPhase section */

/* Begin PBXVariantGroup section */
		FEF6C94D1BF5070700585E02 /* Main.storyboard */ = {
			isa = PBXVariantGroup;
			children = (
				FEF6C94E1BF5070700585E02 /* Base */,
			);
			name = Main.storyboard;
			sourceTree = "<group>";
		};
		FEF6C9521BF5070700585E02 /* LaunchScreen.storyboard */ = {
			isa = PBXVariantGroup;
			children = (
				FEF6C9531BF5070700585E02 /* Base */,
			);
			name = LaunchScreen.storyboard;
			sourceTree = "<group>";
		};
/* End PBXVariantGroup section */

/* Begin XCBuildConfiguration section */
		FEF6C9561BF5070700585E02 /* Debug */ = {
			isa = XCBuildConfiguration;
			buildSettings = {
				ALWAYS_SEARCH_USER_PATHS = NO;
				CLANG_CXX_LANGUAGE_STANDARD = "gnu++0x";
				CLANG_CXX_LIBRARY = "libc++";
				CLANG_ENABLE_MODULES = YES;
				CLANG_ENABLE_OBJC_ARC = YES;
				CLANG_WARN_BOOL_CONVERSION = YES;
				CLANG_WARN_CONSTANT_CONVERSION = YES;
				CLANG_WARN_DIRECT_OBJC_ISA_USAGE = YES_ERROR;
				CLANG_WARN_EMPTY_BODY = YES;
				CLANG_WARN_ENUM_CONVERSION = YES;
				CLANG_WARN_INT_CONVERSION = YES;
				CLANG_WARN_OBJC_ROOT_CLASS = YES_ERROR;
				CLANG_WARN_UNREACHABLE_CODE = YES;
				CLANG_WARN__DUPLICATE_METHOD_MATCH = YES;
				"CODE_SIGN_IDENTITY[sdk=iphoneos*]" = "iPhone Developer";
				COPY_PHASE_STRIP = NO;
				DEBUG_INFORMATION_FORMAT = dwarf;
				ENABLE_STRICT_OBJC_MSGSEND = YES;
				ENABLE_TESTABILITY = YES;
				GCC_C_LANGUAGE_STANDARD = gnu99;
				GCC_DYNAMIC_NO_PIC = NO;
				GCC_NO_COMMON_BLOCKS = YES;
				GCC_OPTIMIZATION_LEVEL = 0;
				GCC_PREPROCESSOR_DEFINITIONS = (
					"DEBUG=1",
					"$(inherited)",
				);
				GCC_WARN_64_TO_32_BIT_CONVERSION = YES;
				GCC_WARN_ABOUT_RETURN_TYPE = YES_ERROR;
				GCC_WARN_UNDECLARED_SELECTOR = YES;
				GCC_WARN_UNINITIALIZED_AUTOS = YES_AGGRESSIVE;
				GCC_WARN_UNUSED_FUNCTION = YES;
				GCC_WARN_UNUSED_VARIABLE = YES;
				IPHONEOS_DEPLOYMENT_TARGET = 9.1;
				MTL_ENABLE_DEBUG_INFO = YES;
				ONLY_ACTIVE_ARCH = YES;
				SDKROOT = iphoneos;
			};
			name = Debug;
		};
		FEF6C9571BF5070700585E02 /* Release */ = {
			isa = XCBuildConfiguration;
			buildSettings = {
				ALWAYS_SEARCH_USER_PATHS = NO;
				CLANG_CXX_LANGUAGE_STANDARD = "gnu++0x";
				CLANG_CXX_LIBRARY = "libc++";
				CLANG_ENABLE_MODULES = YES;
				CLANG_ENABLE_OBJC_ARC = YES;
				CLANG_WARN_BOOL_CONVERSION = YES;
				CLANG_WARN_CONSTANT_CONVERSION = YES;
				CLANG_WARN_DIRECT_OBJC_ISA_USAGE = YES_ERROR;
				CLANG_WARN_EMPTY_BODY = YES;
				CLANG_WARN_ENUM_CONVERSION = YES;
				CLANG_WARN_INT_CONVERSION = YES;
				CLANG_WARN_OBJC_ROOT_CLASS = YES_ERROR;
				CLANG_WARN_UNREACHABLE_CODE = YES;
				CLANG_WARN__DUPLICATE_METHOD_MATCH = YES;
				"CODE_SIGN_IDENTITY[sdk=iphoneos*]" = "iPhone Developer";
				COPY_PHASE_STRIP = NO;
				DEBUG_INFORMATION_FORMAT = "dwarf-with-dsym";
				ENABLE_NS_ASSERTIONS = NO;
				ENABLE_STRICT_OBJC_MSGSEND = YES;
				GCC_C_LANGUAGE_STANDARD = gnu99;
				GCC_NO_COMMON_BLOCKS = YES;
				GCC_WARN_64_TO_32_BIT_CONVERSION = YES;
				GCC_WARN_ABOUT_RETURN_TYPE = YES_ERROR;
				GCC_WARN_UNDECLARED_SELECTOR = YES;
				GCC_WARN_UNINITIALIZED_AUTOS = YES_AGGRESSIVE;
				GCC_WARN_UNUSED_FUNCTION = YES;
				GCC_WARN_UNUSED_VARIABLE = YES;
				IPHONEOS_DEPLOYMENT_TARGET = 9.1;
				MTL_ENABLE_DEBUG_INFO = NO;
				SDKROOT = iphoneos;
				VALIDATE_PRODUCT = YES;
			};
			name = Release;
		};
		FEF6C9591BF5070700585E02 /* Debug */ = {
			isa = XCBuildConfiguration;
			buildSettings = {
				ASSETCATALOG_COMPILER_APPICON_NAME = AppIcon;
				INFOPLIST_FILE = "29-MovieMania/Info.plist";
				LD_RUNPATH_SEARCH_PATHS = "$(inherited) @executable_path/Frameworks";
				PRODUCT_BUNDLE_IDENTIFIER = "com.tiy.-9-MovieMania";
				PRODUCT_NAME = "$(TARGET_NAME)";
			};
			name = Debug;
		};
		FEF6C95A1BF5070700585E02 /* Release */ = {
			isa = XCBuildConfiguration;
			buildSettings = {
				ASSETCATALOG_COMPILER_APPICON_NAME = AppIcon;
				INFOPLIST_FILE = "29-MovieMania/Info.plist";
				LD_RUNPATH_SEARCH_PATHS = "$(inherited) @executable_path/Frameworks";
				PRODUCT_BUNDLE_IDENTIFIER = "com.tiy.-9-MovieMania";
				PRODUCT_NAME = "$(TARGET_NAME)";
			};
			name = Release;
		};
/* End XCBuildConfiguration section */

/* Begin XCConfigurationList section */
		FEF6C93C1BF5070700585E02 /* Build configuration list for PBXProject "29-MovieMania" */ = {
			isa = XCConfigurationList;
			buildConfigurations = (
				FEF6C9561BF5070700585E02 /* Debug */,
				FEF6C9571BF5070700585E02 /* Release */,
			);
			defaultConfigurationIsVisible = 0;
			defaultConfigurationName = Release;
		};
		FEF6C9581BF5070700585E02 /* Build configuration list for PBXNativeTarget "29-MovieMania" */ = {
			isa = XCConfigurationList;
			buildConfigurations = (
				FEF6C9591BF5070700585E02 /* Debug */,
				FEF6C95A1BF5070700585E02 /* Release */,
			);
			defaultConfigurationIsVisible = 0;
		};
/* End XCConfigurationList section */
	};
	rootObject = FEF6C9391BF5070700585E02 /* Project object */;
}
