// !$*UTF8*$!
{
	archiveVersion = 1;
	classes = {
	};
	objectVersion = 46;
	objects = {

/* Begin PBXBuildFile section */
		FE7B5B541BE26A44000ECB43 /* AppDelegate.swift in Sources */ = {isa = PBXBuildFile; fileRef = FE7B5B531BE26A44000ECB43 /* AppDelegate.swift */; };
		FE7B5B591BE26A44000ECB43 /* Main.storyboard in Resources */ = {isa = PBXBuildFile; fileRef = FE7B5B571BE26A44000ECB43 /* Main.storyboard */; };
		FE7B5B5B1BE26A44000ECB43 /* Assets.xcassets in Resources */ = {isa = PBXBuildFile; fileRef = FE7B5B5A1BE26A44000ECB43 /* Assets.xcassets */; };
		FE7B5B5E1BE26A44000ECB43 /* LaunchScreen.storyboard in Resources */ = {isa = PBXBuildFile; fileRef = FE7B5B5C1BE26A44000ECB43 /* LaunchScreen.storyboard */; };
		FE7B5B661BE26AEE000ECB43 /* WeatherTableViewController.swift in Sources */ = {isa = PBXBuildFile; fileRef = FE7B5B651BE26AEE000ECB43 /* WeatherTableViewController.swift */; };
		FE7B5B681BE27210000ECB43 /* CityViewController.swift in Sources */ = {isa = PBXBuildFile; fileRef = FE7B5B671BE27210000ECB43 /* CityViewController.swift */; };
		FE7B5B6A1BE2723D000ECB43 /* WeatherViewController.swift in Sources */ = {isa = PBXBuildFile; fileRef = FE7B5B691BE2723D000ECB43 /* WeatherViewController.swift */; };
		FE7B5B6C1BE273A8000ECB43 /* City.swift in Sources */ = {isa = PBXBuildFile; fileRef = FE7B5B6B1BE273A8000ECB43 /* City.swift */; };
		FE7B5B6E1BE273C2000ECB43 /* Weather.swift in Sources */ = {isa = PBXBuildFile; fileRef = FE7B5B6D1BE273C2000ECB43 /* Weather.swift */; };
		FE7B5B701BE27465000ECB43 /* APIController.swift in Sources */ = {isa = PBXBuildFile; fileRef = FE7B5B6F1BE27465000ECB43 /* APIController.swift */; };
		FE7B5B721BE274D6000ECB43 /* CityWeatherTableViewCell.swift in Sources */ = {isa = PBXBuildFile; fileRef = FE7B5B711BE274D6000ECB43 /* CityWeatherTableViewCell.swift */; };
/* End PBXBuildFile section */

/* Begin PBXFileReference section */
		FE7B5B501BE26A44000ECB43 /* Forecaster.app */ = {isa = PBXFileReference; explicitFileType = wrapper.application; includeInIndex = 0; path = Forecaster.app; sourceTree = BUILT_PRODUCTS_DIR; };
		FE7B5B531BE26A44000ECB43 /* AppDelegate.swift */ = {isa = PBXFileReference; lastKnownFileType = sourcecode.swift; path = AppDelegate.swift; sourceTree = "<group>"; };
		FE7B5B581BE26A44000ECB43 /* Base */ = {isa = PBXFileReference; lastKnownFileType = file.storyboard; name = Base; path = Base.lproj/Main.storyboard; sourceTree = "<group>"; };
		FE7B5B5A1BE26A44000ECB43 /* Assets.xcassets */ = {isa = PBXFileReference; lastKnownFileType = folder.assetcatalog; path = Assets.xcassets; sourceTree = "<group>"; };
		FE7B5B5D1BE26A44000ECB43 /* Base */ = {isa = PBXFileReference; lastKnownFileType = file.storyboard; name = Base; path = Base.lproj/LaunchScreen.storyboard; sourceTree = "<group>"; };
		FE7B5B5F1BE26A44000ECB43 /* Info.plist */ = {isa = PBXFileReference; lastKnownFileType = text.plist.xml; path = Info.plist; sourceTree = "<group>"; };
		FE7B5B651BE26AEE000ECB43 /* WeatherTableViewController.swift */ = {isa = PBXFileReference; fileEncoding = 4; lastKnownFileType = sourcecode.swift; name = WeatherTableViewController.swift; path = ../WeatherTableViewController.swift; sourceTree = "<group>"; };
		FE7B5B671BE27210000ECB43 /* CityViewController.swift */ = {isa = PBXFileReference; fileEncoding = 4; lastKnownFileType = sourcecode.swift; path = CityViewController.swift; sourceTree = "<group>"; };
		FE7B5B691BE2723D000ECB43 /* WeatherViewController.swift */ = {isa = PBXFileReference; fileEncoding = 4; lastKnownFileType = sourcecode.swift; path = WeatherViewController.swift; sourceTree = "<group>"; };
		FE7B5B6B1BE273A8000ECB43 /* City.swift */ = {isa = PBXFileReference; fileEncoding = 4; lastKnownFileType = sourcecode.swift; path = City.swift; sourceTree = "<group>"; };
		FE7B5B6D1BE273C2000ECB43 /* Weather.swift */ = {isa = PBXFileReference; fileEncoding = 4; lastKnownFileType = sourcecode.swift; path = Weather.swift; sourceTree = "<group>"; };
		FE7B5B6F1BE27465000ECB43 /* APIController.swift */ = {isa = PBXFileReference; fileEncoding = 4; lastKnownFileType = sourcecode.swift; path = APIController.swift; sourceTree = "<group>"; };
		FE7B5B711BE274D6000ECB43 /* CityWeatherTableViewCell.swift */ = {isa = PBXFileReference; fileEncoding = 4; lastKnownFileType = sourcecode.swift; path = CityWeatherTableViewCell.swift; sourceTree = "<group>"; };
/* End PBXFileReference section */

/* Begin PBXFrameworksBuildPhase section */
		FE7B5B4D1BE26A44000ECB43 /* Frameworks */ = {
			isa = PBXFrameworksBuildPhase;
			buildActionMask = 2147483647;
			files = (
			);
			runOnlyForDeploymentPostprocessing = 0;
		};
/* End PBXFrameworksBuildPhase section */

/* Begin PBXGroup section */
		FE7B5B471BE26A44000ECB43 = {
			isa = PBXGroup;
			children = (
				FE7B5B521BE26A44000ECB43 /* Forecaster */,
				FE7B5B511BE26A44000ECB43 /* Products */,
			);
			sourceTree = "<group>";
		};
		FE7B5B511BE26A44000ECB43 /* Products */ = {
			isa = PBXGroup;
			children = (
				FE7B5B501BE26A44000ECB43 /* Forecaster.app */,
			);
			name = Products;
			sourceTree = "<group>";
		};
		FE7B5B521BE26A44000ECB43 /* Forecaster */ = {
			isa = PBXGroup;
			children = (
				FE7B5B531BE26A44000ECB43 /* AppDelegate.swift */,
				FE7B5B651BE26AEE000ECB43 /* WeatherTableViewController.swift */,
				FE7B5B711BE274D6000ECB43 /* CityWeatherTableViewCell.swift */,
				FE7B5B671BE27210000ECB43 /* CityViewController.swift */,
				FE7B5B691BE2723D000ECB43 /* WeatherViewController.swift */,
				FE7B5B571BE26A44000ECB43 /* Main.storyboard */,
				FE7B5B6B1BE273A8000ECB43 /* City.swift */,
				FE7B5B6D1BE273C2000ECB43 /* Weather.swift */,
				FE7B5B6F1BE27465000ECB43 /* APIController.swift */,
				FE7B5B5A1BE26A44000ECB43 /* Assets.xcassets */,
				FE7B5B5C1BE26A44000ECB43 /* LaunchScreen.storyboard */,
				FE7B5B5F1BE26A44000ECB43 /* Info.plist */,
			);
			path = Forecaster;
			sourceTree = "<group>";
		};
/* End PBXGroup section */

/* Begin PBXNativeTarget section */
		FE7B5B4F1BE26A44000ECB43 /* Forecaster */ = {
			isa = PBXNativeTarget;
			buildConfigurationList = FE7B5B621BE26A44000ECB43 /* Build configuration list for PBXNativeTarget "Forecaster" */;
			buildPhases = (
				FE7B5B4C1BE26A44000ECB43 /* Sources */,
				FE7B5B4D1BE26A44000ECB43 /* Frameworks */,
				FE7B5B4E1BE26A44000ECB43 /* Resources */,
			);
			buildRules = (
			);
			dependencies = (
			);
			name = Forecaster;
			productName = Forecaster;
			productReference = FE7B5B501BE26A44000ECB43 /* Forecaster.app */;
			productType = "com.apple.product-type.application";
		};
/* End PBXNativeTarget section */

/* Begin PBXProject section */
		FE7B5B481BE26A44000ECB43 /* Project object */ = {
			isa = PBXProject;
			attributes = {
				LastSwiftUpdateCheck = 0710;
				LastUpgradeCheck = 0710;
				ORGANIZATIONNAME = "The Iron Yard";
				TargetAttributes = {
					FE7B5B4F1BE26A44000ECB43 = {
						CreatedOnToolsVersion = 7.1;
						DevelopmentTeam = W89Q7DEDF7;
					};
				};
			};
			buildConfigurationList = FE7B5B4B1BE26A44000ECB43 /* Build configuration list for PBXProject "Forecaster" */;
			compatibilityVersion = "Xcode 3.2";
			developmentRegion = English;
			hasScannedForEncodings = 0;
			knownRegions = (
				en,
				Base,
			);
			mainGroup = FE7B5B471BE26A44000ECB43;
			productRefGroup = FE7B5B511BE26A44000ECB43 /* Products */;
			projectDirPath = "";
			projectRoot = "";
			targets = (
				FE7B5B4F1BE26A44000ECB43 /* Forecaster */,
			);
		};
/* End PBXProject section */

/* Begin PBXResourcesBuildPhase section */
		FE7B5B4E1BE26A44000ECB43 /* Resources */ = {
			isa = PBXResourcesBuildPhase;
			buildActionMask = 2147483647;
			files = (
				FE7B5B5E1BE26A44000ECB43 /* LaunchScreen.storyboard in Resources */,
				FE7B5B5B1BE26A44000ECB43 /* Assets.xcassets in Resources */,
				FE7B5B591BE26A44000ECB43 /* Main.storyboard in Resources */,
			);
			runOnlyForDeploymentPostprocessing = 0;
		};
/* End PBXResourcesBuildPhase section */

/* Begin PBXSourcesBuildPhase section */
		FE7B5B4C1BE26A44000ECB43 /* Sources */ = {
			isa = PBXSourcesBuildPhase;
			buildActionMask = 2147483647;
			files = (
				FE7B5B701BE27465000ECB43 /* APIController.swift in Sources */,
				FE7B5B661BE26AEE000ECB43 /* WeatherTableViewController.swift in Sources */,
				FE7B5B6C1BE273A8000ECB43 /* City.swift in Sources */,
				FE7B5B6A1BE2723D000ECB43 /* WeatherViewController.swift in Sources */,
				FE7B5B541BE26A44000ECB43 /* AppDelegate.swift in Sources */,
				FE7B5B721BE274D6000ECB43 /* CityWeatherTableViewCell.swift in Sources */,
				FE7B5B6E1BE273C2000ECB43 /* Weather.swift in Sources */,
				FE7B5B681BE27210000ECB43 /* CityViewController.swift in Sources */,
			);
			runOnlyForDeploymentPostprocessing = 0;
		};
/* End PBXSourcesBuildPhase section */

/* Begin PBXVariantGroup section */
		FE7B5B571BE26A44000ECB43 /* Main.storyboard */ = {
			isa = PBXVariantGroup;
			children = (
				FE7B5B581BE26A44000ECB43 /* Base */,
			);
			name = Main.storyboard;
			sourceTree = "<group>";
		};
		FE7B5B5C1BE26A44000ECB43 /* LaunchScreen.storyboard */ = {
			isa = PBXVariantGroup;
			children = (
				FE7B5B5D1BE26A44000ECB43 /* Base */,
			);
			name = LaunchScreen.storyboard;
			sourceTree = "<group>";
		};
/* End PBXVariantGroup section */

/* Begin XCBuildConfiguration section */
		FE7B5B601BE26A44000ECB43 /* Debug */ = {
			isa = XCBuildConfiguration;
			buildSettings = {
				ALWAYS_SEARCH_USER_PATHS = NO;
				CLANG_CXX_LANGUAGE_STANDARD = "gnu++0x";
				CLANG_CXX_LIBRARY = "libc++";
				CLANG_ENABLE_MODULES = YES;
				CLANG_ENABLE_OBJC_ARC = YES;
				CLANG_WARN_BOOL_CONVERSION = YES;
				CLANG_WARN_CONSTANT_CONVERSION = YES;
				CLANG_WARN_DIRECT_OBJC_ISA_USAGE = YES_ERROR;
				CLANG_WARN_EMPTY_BODY = YES;
				CLANG_WARN_ENUM_CONVERSION = YES;
				CLANG_WARN_INT_CONVERSION = YES;
				CLANG_WARN_OBJC_ROOT_CLASS = YES_ERROR;
				CLANG_WARN_UNREACHABLE_CODE = YES;
				CLANG_WARN__DUPLICATE_METHOD_MATCH = YES;
				"CODE_SIGN_IDENTITY[sdk=iphoneos*]" = "iPhone Developer";
				COPY_PHASE_STRIP = NO;
				DEBUG_INFORMATION_FORMAT = dwarf;
				ENABLE_STRICT_OBJC_MSGSEND = YES;
				ENABLE_TESTABILITY = YES;
				GCC_C_LANGUAGE_STANDARD = gnu99;
				GCC_DYNAMIC_NO_PIC = NO;
				GCC_NO_COMMON_BLOCKS = YES;
				GCC_OPTIMIZATION_LEVEL = 0;
				GCC_PREPROCESSOR_DEFINITIONS = (
					"DEBUG=1",
					"$(inherited)",
				);
				GCC_WARN_64_TO_32_BIT_CONVERSION = YES;
				GCC_WARN_ABOUT_RETURN_TYPE = YES_ERROR;
				GCC_WARN_UNDECLARED_SELECTOR = YES;
				GCC_WARN_UNINITIALIZED_AUTOS = YES_AGGRESSIVE;
				GCC_WARN_UNUSED_FUNCTION = YES;
				GCC_WARN_UNUSED_VARIABLE = YES;
				IPHONEOS_DEPLOYMENT_TARGET = 9.1;
				MTL_ENABLE_DEBUG_INFO = YES;
				ONLY_ACTIVE_ARCH = YES;
				SDKROOT = iphoneos;
				SWIFT_OPTIMIZATION_LEVEL = "-Onone";
			};
			name = Debug;
		};
		FE7B5B611BE26A44000ECB43 /* Release */ = {
			isa = XCBuildConfiguration;
			buildSettings = {
				ALWAYS_SEARCH_USER_PATHS = NO;
				CLANG_CXX_LANGUAGE_STANDARD = "gnu++0x";
				CLANG_CXX_LIBRARY = "libc++";
				CLANG_ENABLE_MODULES = YES;
				CLANG_ENABLE_OBJC_ARC = YES;
				CLANG_WARN_BOOL_CONVERSION = YES;
				CLANG_WARN_CONSTANT_CONVERSION = YES;
				CLANG_WARN_DIRECT_OBJC_ISA_USAGE = YES_ERROR;
				CLANG_WARN_EMPTY_BODY = YES;
				CLANG_WARN_ENUM_CONVERSION = YES;
				CLANG_WARN_INT_CONVERSION = YES;
				CLANG_WARN_OBJC_ROOT_CLASS = YES_ERROR;
				CLANG_WARN_UNREACHABLE_CODE = YES;
				CLANG_WARN__DUPLICATE_METHOD_MATCH = YES;
				"CODE_SIGN_IDENTITY[sdk=iphoneos*]" = "iPhone Developer";
				COPY_PHASE_STRIP = NO;
				DEBUG_INFORMATION_FORMAT = "dwarf-with-dsym";
				ENABLE_NS_ASSERTIONS = NO;
				ENABLE_STRICT_OBJC_MSGSEND = YES;
				GCC_C_LANGUAGE_STANDARD = gnu99;
				GCC_NO_COMMON_BLOCKS = YES;
				GCC_WARN_64_TO_32_BIT_CONVERSION = YES;
				GCC_WARN_ABOUT_RETURN_TYPE = YES_ERROR;
				GCC_WARN_UNDECLARED_SELECTOR = YES;
				GCC_WARN_UNINITIALIZED_AUTOS = YES_AGGRESSIVE;
				GCC_WARN_UNUSED_FUNCTION = YES;
				GCC_WARN_UNUSED_VARIABLE = YES;
				IPHONEOS_DEPLOYMENT_TARGET = 9.1;
				MTL_ENABLE_DEBUG_INFO = NO;
				SDKROOT = iphoneos;
				VALIDATE_PRODUCT = YES;
			};
			name = Release;
		};
		FE7B5B631BE26A44000ECB43 /* Debug */ = {
			isa = XCBuildConfiguration;
			buildSettings = {
				ASSETCATALOG_COMPILER_APPICON_NAME = AppIcon;
				INFOPLIST_FILE = Forecaster/Info.plist;
				LD_RUNPATH_SEARCH_PATHS = "$(inherited) @executable_path/Frameworks";
				PRODUCT_BUNDLE_IDENTIFIER = com.tiy.Forecaster;
				PRODUCT_NAME = "$(TARGET_NAME)";
			};
			name = Debug;
		};
		FE7B5B641BE26A44000ECB43 /* Release */ = {
			isa = XCBuildConfiguration;
			buildSettings = {
				ASSETCATALOG_COMPILER_APPICON_NAME = AppIcon;
				INFOPLIST_FILE = Forecaster/Info.plist;
				LD_RUNPATH_SEARCH_PATHS = "$(inherited) @executable_path/Frameworks";
				PRODUCT_BUNDLE_IDENTIFIER = com.tiy.Forecaster;
				PRODUCT_NAME = "$(TARGET_NAME)";
			};
			name = Release;
		};
/* End XCBuildConfiguration section */

/* Begin XCConfigurationList section */
		FE7B5B4B1BE26A44000ECB43 /* Build configuration list for PBXProject "Forecaster" */ = {
			isa = XCConfigurationList;
			buildConfigurations = (
				FE7B5B601BE26A44000ECB43 /* Debug */,
				FE7B5B611BE26A44000ECB43 /* Release */,
			);
			defaultConfigurationIsVisible = 0;
			defaultConfigurationName = Release;
		};
		FE7B5B621BE26A44000ECB43 /* Build configuration list for PBXNativeTarget "Forecaster" */ = {
			isa = XCConfigurationList;
			buildConfigurations = (
				FE7B5B631BE26A44000ECB43 /* Debug */,
				FE7B5B641BE26A44000ECB43 /* Release */,
			);
			defaultConfigurationIsVisible = 0;
		};
/* End XCConfigurationList section */
	};
	rootObject = FE7B5B481BE26A44000ECB43 /* Project object */;
}
