// !$*UTF8*$!
{
	archiveVersion = 1;
	classes = {
	};
	objectVersion = 46;
	objects = {

/* Begin PBXBuildFile section */
		3A6616E4EF468DD5200FD233 /* libPods-S.H.I.E.L.D. Hero Tracker.a in Frameworks */ = {isa = PBXBuildFile; fileRef = 55C5461D00D0023DDD3AC895 /* libPods-S.H.I.E.L.D. Hero Tracker.a */; };
		FE1657081BCC2AAD00A71ACD /* AppDelegate.swift in Sources */ = {isa = PBXBuildFile; fileRef = FE1657071BCC2AAD00A71ACD /* AppDelegate.swift */; };
		FE16570F1BCC2AAD00A71ACD /* Assets.xcassets in Resources */ = {isa = PBXBuildFile; fileRef = FE16570E1BCC2AAD00A71ACD /* Assets.xcassets */; };
		FE1657121BCC2AAD00A71ACD /* LaunchScreen.storyboard in Resources */ = {isa = PBXBuildFile; fileRef = FE1657101BCC2AAD00A71ACD /* LaunchScreen.storyboard */; };
		FE16571A1BCC2FF800A71ACD /* HeroTableViewController.swift in Sources */ = {isa = PBXBuildFile; fileRef = FE1657191BCC2FF800A71ACD /* HeroTableViewController.swift */; };
		FE19BD9F1BCC531A00EA9ABC /* HeroDetailViewController.swift in Sources */ = {isa = PBXBuildFile; fileRef = FE19BD9E1BCC531A00EA9ABC /* HeroDetailViewController.swift */; };
		FE19BDA11BCC589B00EA9ABC /* Hero.swift in Sources */ = {isa = PBXBuildFile; fileRef = FE19BDA01BCC589B00EA9ABC /* Hero.swift */; };
		FE19BDC11BCD587000EA9ABC /* Main.storyboard in Resources */ = {isa = PBXBuildFile; fileRef = FE19BDC01BCD587000EA9ABC /* Main.storyboard */; };
		FE3EC4351BEA905C000DD54E /* LoginViewController.swift in Sources */ = {isa = PBXBuildFile; fileRef = FE3EC4341BEA905C000DD54E /* LoginViewController.swift */; };
		FE3EC4371BEA906C000DD54E /* RegisterViewController.swift in Sources */ = {isa = PBXBuildFile; fileRef = FE3EC4361BEA906C000DD54E /* RegisterViewController.swift */; };
		FE3EC4441BEAA748000DD54E /* RocketRacoon.png in Resources */ = {isa = PBXBuildFile; fileRef = FE3EC4431BEAA748000DD54E /* RocketRacoon.png */; };
		FE3EC44A1BEAA76A000DD54E /* Gamora.png in Resources */ = {isa = PBXBuildFile; fileRef = FE3EC4491BEAA76A000DD54E /* Gamora.png */; };
		FE3EC4541BEAB7AF000DD54E /* Thor.png in Resources */ = {isa = PBXBuildFile; fileRef = FE3EC4531BEAB7AF000DD54E /* Thor.png */; };
		FE3EC4561BEAB80E000DD54E /* IronMan.png in Resources */ = {isa = PBXBuildFile; fileRef = FE3EC4551BEAB80E000DD54E /* IronMan.png */; };
		FE3EC4581BEAB8CB000DD54E /* StarLord.png in Resources */ = {isa = PBXBuildFile; fileRef = FE3EC4571BEAB8CB000DD54E /* StarLord.png */; };
		FE3EC45A1BEAB93C000DD54E /* CaptainAmerica.png in Resources */ = {isa = PBXBuildFile; fileRef = FE3EC4591BEAB93C000DD54E /* CaptainAmerica.png */; };
		FE3EC45C1BEAB9EB000DD54E /* DraxTheDestroyer.png in Resources */ = {isa = PBXBuildFile; fileRef = FE3EC45B1BEAB9EB000DD54E /* DraxTheDestroyer.png */; };
		FE3EC4641BEABB41000DD54E /* Hulk.png in Resources */ = {isa = PBXBuildFile; fileRef = FE3EC4631BEABB41000DD54E /* Hulk.png */; };
		FE3EC46A1BEAE176000DD54E /* Groot.png in Resources */ = {isa = PBXBuildFile; fileRef = FE3EC4691BEAE176000DD54E /* Groot.png */; };
		FE3EC46C1BEB91EA000DD54E /* BlackStar.png in Resources */ = {isa = PBXBuildFile; fileRef = FE3EC46B1BEB91EA000DD54E /* BlackStar.png */; };
		FE3EC46E1BEB91F7000DD54E /* GoldStar.png in Resources */ = {isa = PBXBuildFile; fileRef = FE3EC46D1BEB91F7000DD54E /* GoldStar.png */; };
		FE7B5B741BE2D3DA000ECB43 /* heroes.json in Resources */ = {isa = PBXBuildFile; fileRef = FE7B5B731BE2D3DA000ECB43 /* heroes.json */; };
/* End PBXBuildFile section */

/* Begin PBXFileReference section */
		0028430843DD012A6150A56F /* Pods-S.H.I.E.L.D. Hero Tracker.release.xcconfig */ = {isa = PBXFileReference; includeInIndex = 1; lastKnownFileType = text.xcconfig; name = "Pods-S.H.I.E.L.D. Hero Tracker.release.xcconfig"; path = "Pods/Target Support Files/Pods-S.H.I.E.L.D. Hero Tracker/Pods-S.H.I.E.L.D. Hero Tracker.release.xcconfig"; sourceTree = "<group>"; };
		411091BB0679BC515208CF16 /* Pods-S.H.I.E.L.D. Hero Tracker.debug.xcconfig */ = {isa = PBXFileReference; includeInIndex = 1; lastKnownFileType = text.xcconfig; name = "Pods-S.H.I.E.L.D. Hero Tracker.debug.xcconfig"; path = "Pods/Target Support Files/Pods-S.H.I.E.L.D. Hero Tracker/Pods-S.H.I.E.L.D. Hero Tracker.debug.xcconfig"; sourceTree = "<group>"; };
		55C5461D00D0023DDD3AC895 /* libPods-S.H.I.E.L.D. Hero Tracker.a */ = {isa = PBXFileReference; explicitFileType = archive.ar; includeInIndex = 0; path = "libPods-S.H.I.E.L.D. Hero Tracker.a"; sourceTree = BUILT_PRODUCTS_DIR; };
		FE1657041BCC2AAD00A71ACD /* S.H.I.E.L.D. Hero Tracker.app */ = {isa = PBXFileReference; explicitFileType = wrapper.application; includeInIndex = 0; path = "S.H.I.E.L.D. Hero Tracker.app"; sourceTree = BUILT_PRODUCTS_DIR; };
		FE1657071BCC2AAD00A71ACD /* AppDelegate.swift */ = {isa = PBXFileReference; lastKnownFileType = sourcecode.swift; path = AppDelegate.swift; sourceTree = "<group>"; };
		FE16570E1BCC2AAD00A71ACD /* Assets.xcassets */ = {isa = PBXFileReference; lastKnownFileType = folder.assetcatalog; path = Assets.xcassets; sourceTree = "<group>"; };
		FE1657111BCC2AAD00A71ACD /* Base */ = {isa = PBXFileReference; lastKnownFileType = file.storyboard; name = Base; path = Base.lproj/LaunchScreen.storyboard; sourceTree = "<group>"; };
		FE1657131BCC2AAD00A71ACD /* Info.plist */ = {isa = PBXFileReference; lastKnownFileType = text.plist.xml; path = Info.plist; sourceTree = "<group>"; };
		FE1657191BCC2FF800A71ACD /* HeroTableViewController.swift */ = {isa = PBXFileReference; fileEncoding = 4; lastKnownFileType = sourcecode.swift; name = HeroTableViewController.swift; path = ../HeroTableViewController.swift; sourceTree = "<group>"; };
		FE19BD9E1BCC531A00EA9ABC /* HeroDetailViewController.swift */ = {isa = PBXFileReference; fileEncoding = 4; lastKnownFileType = sourcecode.swift; name = HeroDetailViewController.swift; path = ../HeroDetailViewController.swift; sourceTree = "<group>"; };
		FE19BDA01BCC589B00EA9ABC /* Hero.swift */ = {isa = PBXFileReference; fileEncoding = 4; lastKnownFileType = sourcecode.swift; path = Hero.swift; sourceTree = "<group>"; };
		FE19BDC01BCD587000EA9ABC /* Main.storyboard */ = {isa = PBXFileReference; fileEncoding = 4; lastKnownFileType = file.storyboard; name = Main.storyboard; path = ../Main.storyboard; sourceTree = "<group>"; };
		FE3EC4311BEA7E84000DD54E /* S.H.I.E.L.D. Hero Tracker-Bridging-Header.h */ = {isa = PBXFileReference; lastKnownFileType = sourcecode.c.h; path = "S.H.I.E.L.D. Hero Tracker-Bridging-Header.h"; sourceTree = "<group>"; };
		FE3EC4341BEA905C000DD54E /* LoginViewController.swift */ = {isa = PBXFileReference; fileEncoding = 4; lastKnownFileType = sourcecode.swift; path = LoginViewController.swift; sourceTree = "<group>"; };
		FE3EC4361BEA906C000DD54E /* RegisterViewController.swift */ = {isa = PBXFileReference; fileEncoding = 4; lastKnownFileType = sourcecode.swift; path = RegisterViewController.swift; sourceTree = "<group>"; };
		FE3EC4431BEAA748000DD54E /* RocketRacoon.png */ = {isa = PBXFileReference; lastKnownFileType = image.png; path = RocketRacoon.png; sourceTree = "<group>"; };
		FE3EC4491BEAA76A000DD54E /* Gamora.png */ = {isa = PBXFileReference; lastKnownFileType = image.png; path = Gamora.png; sourceTree = "<group>"; };
		FE3EC4531BEAB7AF000DD54E /* Thor.png */ = {isa = PBXFileReference; lastKnownFileType = image.png; path = Thor.png; sourceTree = "<group>"; };
		FE3EC4551BEAB80E000DD54E /* IronMan.png */ = {isa = PBXFileReference; lastKnownFileType = image.png; path = IronMan.png; sourceTree = "<group>"; };
		FE3EC4571BEAB8CB000DD54E /* StarLord.png */ = {isa = PBXFileReference; lastKnownFileType = image.png; path = StarLord.png; sourceTree = "<group>"; };
		FE3EC4591BEAB93C000DD54E /* CaptainAmerica.png */ = {isa = PBXFileReference; lastKnownFileType = image.png; path = CaptainAmerica.png; sourceTree = "<group>"; };
		FE3EC45B1BEAB9EB000DD54E /* DraxTheDestroyer.png */ = {isa = PBXFileReference; lastKnownFileType = image.png; path = DraxTheDestroyer.png; sourceTree = "<group>"; };
		FE3EC4631BEABB41000DD54E /* Hulk.png */ = {isa = PBXFileReference; lastKnownFileType = image.png; path = Hulk.png; sourceTree = "<group>"; };
		FE3EC4691BEAE176000DD54E /* Groot.png */ = {isa = PBXFileReference; lastKnownFileType = image.png; path = Groot.png; sourceTree = "<group>"; };
		FE3EC46B1BEB91EA000DD54E /* BlackStar.png */ = {isa = PBXFileReference; lastKnownFileType = image.png; path = BlackStar.png; sourceTree = "<group>"; };
		FE3EC46D1BEB91F7000DD54E /* GoldStar.png */ = {isa = PBXFileReference; lastKnownFileType = image.png; path = GoldStar.png; sourceTree = "<group>"; };
		FE7B5B731BE2D3DA000ECB43 /* heroes.json */ = {isa = PBXFileReference; fileEncoding = 4; lastKnownFileType = text.json; path = heroes.json; sourceTree = "<group>"; };
/* End PBXFileReference section */

/* Begin PBXFrameworksBuildPhase section */
		FE1657011BCC2AAD00A71ACD /* Frameworks */ = {
			isa = PBXFrameworksBuildPhase;
			buildActionMask = 2147483647;
			files = (
				3A6616E4EF468DD5200FD233 /* libPods-S.H.I.E.L.D. Hero Tracker.a in Frameworks */,
			);
			runOnlyForDeploymentPostprocessing = 0;
		};
/* End PBXFrameworksBuildPhase section */

/* Begin PBXGroup section */
		A737EE0DF24DE8D7939C8A15 /* Frameworks */ = {
			isa = PBXGroup;
			children = (
				55C5461D00D0023DDD3AC895 /* libPods-S.H.I.E.L.D. Hero Tracker.a */,
			);
			name = Frameworks;
			sourceTree = "<group>";
		};
		F1E4D50A7E0DD3D8A06869FC /* Pods */ = {
			isa = PBXGroup;
			children = (
				411091BB0679BC515208CF16 /* Pods-S.H.I.E.L.D. Hero Tracker.debug.xcconfig */,
				0028430843DD012A6150A56F /* Pods-S.H.I.E.L.D. Hero Tracker.release.xcconfig */,
			);
			name = Pods;
			sourceTree = "<group>";
		};
		FE1656FB1BCC2AAD00A71ACD = {
			isa = PBXGroup;
			children = (
				FE1657061BCC2AAD00A71ACD /* S.H.I.E.L.D. Hero Tracker */,
				FE1657051BCC2AAD00A71ACD /* Products */,
				F1E4D50A7E0DD3D8A06869FC /* Pods */,
				A737EE0DF24DE8D7939C8A15 /* Frameworks */,
			);
			sourceTree = "<group>";
		};
		FE1657051BCC2AAD00A71ACD /* Products */ = {
			isa = PBXGroup;
			children = (
				FE1657041BCC2AAD00A71ACD /* S.H.I.E.L.D. Hero Tracker.app */,
			);
			name = Products;
			sourceTree = "<group>";
		};
		FE1657061BCC2AAD00A71ACD /* S.H.I.E.L.D. Hero Tracker */ = {
			isa = PBXGroup;
			children = (
				FE1657071BCC2AAD00A71ACD /* AppDelegate.swift */,
				FE1657191BCC2FF800A71ACD /* HeroTableViewController.swift */,
				FE19BD9E1BCC531A00EA9ABC /* HeroDetailViewController.swift */,
				FE19BDA01BCC589B00EA9ABC /* Hero.swift */,
				FE19BDC01BCD587000EA9ABC /* Main.storyboard */,
				FE3EC4341BEA905C000DD54E /* LoginViewController.swift */,
				FE3EC4361BEA906C000DD54E /* RegisterViewController.swift */,
				FE16570E1BCC2AAD00A71ACD /* Assets.xcassets */,
				FE1657101BCC2AAD00A71ACD /* LaunchScreen.storyboard */,
				FE7B5B731BE2D3DA000ECB43 /* heroes.json */,
				FE1657131BCC2AAD00A71ACD /* Info.plist */,
				FE3EC4311BEA7E84000DD54E /* S.H.I.E.L.D. Hero Tracker-Bridging-Header.h */,
				FE3EC4531BEAB7AF000DD54E /* Thor.png */,
				FE3EC4551BEAB80E000DD54E /* IronMan.png */,
				FE3EC4691BEAE176000DD54E /* Groot.png */,
				FE3EC4431BEAA748000DD54E /* RocketRacoon.png */,
				FE3EC45B1BEAB9EB000DD54E /* DraxTheDestroyer.png */,
				FE3EC4571BEAB8CB000DD54E /* StarLord.png */,
				FE3EC4491BEAA76A000DD54E /* Gamora.png */,
				FE3EC4631BEABB41000DD54E /* Hulk.png */,
				FE3EC4591BEAB93C000DD54E /* CaptainAmerica.png */,
				FE3EC46B1BEB91EA000DD54E /* BlackStar.png */,
				FE3EC46D1BEB91F7000DD54E /* GoldStar.png */,
			);
			path = "S.H.I.E.L.D. Hero Tracker";
			sourceTree = "<group>";
		};
/* End PBXGroup section */

/* Begin PBXNativeTarget section */
		FE1657031BCC2AAD00A71ACD /* S.H.I.E.L.D. Hero Tracker */ = {
			isa = PBXNativeTarget;
			buildConfigurationList = FE1657161BCC2AAD00A71ACD /* Build configuration list for PBXNativeTarget "S.H.I.E.L.D. Hero Tracker" */;
			buildPhases = (
				FEF70C89128070D672260BF4 /* Check Pods Manifest.lock */,
				FE1657001BCC2AAD00A71ACD /* Sources */,
				FE1657011BCC2AAD00A71ACD /* Frameworks */,
				FE1657021BCC2AAD00A71ACD /* Resources */,
				652C90BA37283D087E6223F2 /* Embed Pods Frameworks */,
				464C7CE921075688B36E4AB3 /* Copy Pods Resources */,
			);
			buildRules = (
			);
			dependencies = (
			);
			name = "S.H.I.E.L.D. Hero Tracker";
			productName = "S.H.I.E.L.D. Hero Tracker";
			productReference = FE1657041BCC2AAD00A71ACD /* S.H.I.E.L.D. Hero Tracker.app */;
			productType = "com.apple.product-type.application";
		};
/* End PBXNativeTarget section */

/* Begin PBXProject section */
		FE1656FC1BCC2AAD00A71ACD /* Project object */ = {
			isa = PBXProject;
			attributes = {
				LastSwiftUpdateCheck = 0710;
				LastUpgradeCheck = 0700;
				ORGANIZATIONNAME = "The Iron Yard";
				TargetAttributes = {
					FE1657031BCC2AAD00A71ACD = {
						CreatedOnToolsVersion = 7.0.1;
						DevelopmentTeam = W89Q7DEDF7;
					};
				};
			};
			buildConfigurationList = FE1656FF1BCC2AAD00A71ACD /* Build configuration list for PBXProject "S.H.I.E.L.D. Hero Tracker" */;
			compatibilityVersion = "Xcode 3.2";
			developmentRegion = English;
			hasScannedForEncodings = 0;
			knownRegions = (
				en,
				Base,
			);
			mainGroup = FE1656FB1BCC2AAD00A71ACD;
			productRefGroup = FE1657051BCC2AAD00A71ACD /* Products */;
			projectDirPath = "";
			projectRoot = "";
			targets = (
				FE1657031BCC2AAD00A71ACD /* S.H.I.E.L.D. Hero Tracker */,
			);
		};
/* End PBXProject section */

/* Begin PBXResourcesBuildPhase section */
		FE1657021BCC2AAD00A71ACD /* Resources */ = {
			isa = PBXResourcesBuildPhase;
			buildActionMask = 2147483647;
			files = (
				FE3EC4541BEAB7AF000DD54E /* Thor.png in Resources */,
				FE3EC4441BEAA748000DD54E /* RocketRacoon.png in Resources */,
				FE3EC45A1BEAB93C000DD54E /* CaptainAmerica.png in Resources */,
				FE3EC46E1BEB91F7000DD54E /* GoldStar.png in Resources */,
				FE3EC46A1BEAE176000DD54E /* Groot.png in Resources */,
				FE3EC4561BEAB80E000DD54E /* IronMan.png in Resources */,
				FE3EC4581BEAB8CB000DD54E /* StarLord.png in Resources */,
				FE3EC44A1BEAA76A000DD54E /* Gamora.png in Resources */,
				FE3EC4641BEABB41000DD54E /* Hulk.png in Resources */,
				FE1657121BCC2AAD00A71ACD /* LaunchScreen.storyboard in Resources */,
				FE7B5B741BE2D3DA000ECB43 /* heroes.json in Resources */,
				FE16570F1BCC2AAD00A71ACD /* Assets.xcassets in Resources */,
				FE3EC46C1BEB91EA000DD54E /* BlackStar.png in Resources */,
				FE19BDC11BCD587000EA9ABC /* Main.storyboard in Resources */,
				FE3EC45C1BEAB9EB000DD54E /* DraxTheDestroyer.png in Resources */,
			);
			runOnlyForDeploymentPostprocessing = 0;
		};
/* End PBXResourcesBuildPhase section */

/* Begin PBXShellScriptBuildPhase section */
		464C7CE921075688B36E4AB3 /* Copy Pods Resources */ = {
			isa = PBXShellScriptBuildPhase;
			buildActionMask = 2147483647;
			files = (
			);
			inputPaths = (
			);
			name = "Copy Pods Resources";
			outputPaths = (
			);
			runOnlyForDeploymentPostprocessing = 0;
			shellPath = /bin/sh;
			shellScript = "\"${SRCROOT}/Pods/Target Support Files/Pods-S.H.I.E.L.D. Hero Tracker/Pods-S.H.I.E.L.D. Hero Tracker-resources.sh\"\n";
			showEnvVarsInLog = 0;
		};
		652C90BA37283D087E6223F2 /* Embed Pods Frameworks */ = {
			isa = PBXShellScriptBuildPhase;
			buildActionMask = 2147483647;
			files = (
			);
			inputPaths = (
			);
			name = "Embed Pods Frameworks";
			outputPaths = (
			);
			runOnlyForDeploymentPostprocessing = 0;
			shellPath = /bin/sh;
			shellScript = "\"${SRCROOT}/Pods/Target Support Files/Pods-S.H.I.E.L.D. Hero Tracker/Pods-S.H.I.E.L.D. Hero Tracker-frameworks.sh\"\n";
			showEnvVarsInLog = 0;
		};
		FEF70C89128070D672260BF4 /* Check Pods Manifest.lock */ = {
			isa = PBXShellScriptBuildPhase;
			buildActionMask = 2147483647;
			files = (
			);
			inputPaths = (
			);
			name = "Check Pods Manifest.lock";
			outputPaths = (
			);
			runOnlyForDeploymentPostprocessing = 0;
			shellPath = /bin/sh;
			shellScript = "diff \"${PODS_ROOT}/../Podfile.lock\" \"${PODS_ROOT}/Manifest.lock\" > /dev/null\nif [[ $? != 0 ]] ; then\n    cat << EOM\nerror: The sandbox is not in sync with the Podfile.lock. Run 'pod install' or update your CocoaPods installation.\nEOM\n    exit 1\nfi\n";
			showEnvVarsInLog = 0;
		};
/* End PBXShellScriptBuildPhase section */

/* Begin PBXSourcesBuildPhase section */
		FE1657001BCC2AAD00A71ACD /* Sources */ = {
			isa = PBXSourcesBuildPhase;
			buildActionMask = 2147483647;
			files = (
				FE19BD9F1BCC531A00EA9ABC /* HeroDetailViewController.swift in Sources */,
				FE1657081BCC2AAD00A71ACD /* AppDelegate.swift in Sources */,
				FE16571A1BCC2FF800A71ACD /* HeroTableViewController.swift in Sources */,
				FE3EC4371BEA906C000DD54E /* RegisterViewController.swift in Sources */,
				FE3EC4351BEA905C000DD54E /* LoginViewController.swift in Sources */,
				FE19BDA11BCC589B00EA9ABC /* Hero.swift in Sources */,
			);
			runOnlyForDeploymentPostprocessing = 0;
		};
/* End PBXSourcesBuildPhase section */

/* Begin PBXVariantGroup section */
		FE1657101BCC2AAD00A71ACD /* LaunchScreen.storyboard */ = {
			isa = PBXVariantGroup;
			children = (
				FE1657111BCC2AAD00A71ACD /* Base */,
			);
			name = LaunchScreen.storyboard;
			sourceTree = "<group>";
		};
/* End PBXVariantGroup section */

/* Begin XCBuildConfiguration section */
		FE1657141BCC2AAD00A71ACD /* Debug */ = {
			isa = XCBuildConfiguration;
			buildSettings = {
				ALWAYS_SEARCH_USER_PATHS = NO;
				CLANG_CXX_LANGUAGE_STANDARD = "gnu++0x";
				CLANG_CXX_LIBRARY = "libc++";
				CLANG_ENABLE_MODULES = YES;
				CLANG_ENABLE_OBJC_ARC = YES;
				CLANG_WARN_BOOL_CONVERSION = YES;
				CLANG_WARN_CONSTANT_CONVERSION = YES;
				CLANG_WARN_DIRECT_OBJC_ISA_USAGE = YES_ERROR;
				CLANG_WARN_EMPTY_BODY = YES;
				CLANG_WARN_ENUM_CONVERSION = YES;
				CLANG_WARN_INT_CONVERSION = YES;
				CLANG_WARN_OBJC_ROOT_CLASS = YES_ERROR;
				CLANG_WARN_UNREACHABLE_CODE = YES;
				CLANG_WARN__DUPLICATE_METHOD_MATCH = YES;
				"CODE_SIGN_IDENTITY[sdk=iphoneos*]" = "iPhone Developer";
				COPY_PHASE_STRIP = NO;
				DEBUG_INFORMATION_FORMAT = dwarf;
				ENABLE_STRICT_OBJC_MSGSEND = YES;
				ENABLE_TESTABILITY = YES;
				GCC_C_LANGUAGE_STANDARD = gnu99;
				GCC_DYNAMIC_NO_PIC = NO;
				GCC_NO_COMMON_BLOCKS = YES;
				GCC_OPTIMIZATION_LEVEL = 0;
				GCC_PREPROCESSOR_DEFINITIONS = (
					"DEBUG=1",
					"$(inherited)",
				);
				GCC_WARN_64_TO_32_BIT_CONVERSION = YES;
				GCC_WARN_ABOUT_RETURN_TYPE = YES_ERROR;
				GCC_WARN_UNDECLARED_SELECTOR = YES;
				GCC_WARN_UNINITIALIZED_AUTOS = YES_AGGRESSIVE;
				GCC_WARN_UNUSED_FUNCTION = YES;
				GCC_WARN_UNUSED_VARIABLE = YES;
				IPHONEOS_DEPLOYMENT_TARGET = 9.0;
				MTL_ENABLE_DEBUG_INFO = YES;
				ONLY_ACTIVE_ARCH = YES;
				SDKROOT = iphoneos;
				SWIFT_OPTIMIZATION_LEVEL = "-Onone";
			};
			name = Debug;
		};
		FE1657151BCC2AAD00A71ACD /* Release */ = {
			isa = XCBuildConfiguration;
			buildSettings = {
				ALWAYS_SEARCH_USER_PATHS = NO;
				CLANG_CXX_LANGUAGE_STANDARD = "gnu++0x";
				CLANG_CXX_LIBRARY = "libc++";
				CLANG_ENABLE_MODULES = YES;
				CLANG_ENABLE_OBJC_ARC = YES;
				CLANG_WARN_BOOL_CONVERSION = YES;
				CLANG_WARN_CONSTANT_CONVERSION = YES;
				CLANG_WARN_DIRECT_OBJC_ISA_USAGE = YES_ERROR;
				CLANG_WARN_EMPTY_BODY = YES;
				CLANG_WARN_ENUM_CONVERSION = YES;
				CLANG_WARN_INT_CONVERSION = YES;
				CLANG_WARN_OBJC_ROOT_CLASS = YES_ERROR;
				CLANG_WARN_UNREACHABLE_CODE = YES;
				CLANG_WARN__DUPLICATE_METHOD_MATCH = YES;
				"CODE_SIGN_IDENTITY[sdk=iphoneos*]" = "iPhone Developer";
				COPY_PHASE_STRIP = NO;
				DEBUG_INFORMATION_FORMAT = "dwarf-with-dsym";
				ENABLE_NS_ASSERTIONS = NO;
				ENABLE_STRICT_OBJC_MSGSEND = YES;
				GCC_C_LANGUAGE_STANDARD = gnu99;
				GCC_NO_COMMON_BLOCKS = YES;
				GCC_WARN_64_TO_32_BIT_CONVERSION = YES;
				GCC_WARN_ABOUT_RETURN_TYPE = YES_ERROR;
				GCC_WARN_UNDECLARED_SELECTOR = YES;
				GCC_WARN_UNINITIALIZED_AUTOS = YES_AGGRESSIVE;
				GCC_WARN_UNUSED_FUNCTION = YES;
				GCC_WARN_UNUSED_VARIABLE = YES;
				IPHONEOS_DEPLOYMENT_TARGET = 9.0;
				MTL_ENABLE_DEBUG_INFO = NO;
				SDKROOT = iphoneos;
				VALIDATE_PRODUCT = YES;
			};
			name = Release;
		};
		FE1657171BCC2AAD00A71ACD /* Debug */ = {
			isa = XCBuildConfiguration;
			baseConfigurationReference = 411091BB0679BC515208CF16 /* Pods-S.H.I.E.L.D. Hero Tracker.debug.xcconfig */;
			buildSettings = {
				ASSETCATALOG_COMPILER_APPICON_NAME = AppIcon;
				CLANG_ENABLE_MODULES = YES;
				CODE_SIGN_IDENTITY = "iPhone Developer";
				"CODE_SIGN_IDENTITY[sdk=iphoneos*]" = "iPhone Developer";
				INFOPLIST_FILE = "S.H.I.E.L.D. Hero Tracker/Info.plist";
				LD_RUNPATH_SEARCH_PATHS = "$(inherited) @executable_path/Frameworks";
				PRODUCT_BUNDLE_IDENTIFIER = "com.tiy.S-H-I-E-L-D--Hero-Tracker";
				PRODUCT_NAME = "$(TARGET_NAME)";
				PROVISIONING_PROFILE = "";
				SWIFT_OBJC_BRIDGING_HEADER = "S.H.I.E.L.D. Hero Tracker/S.H.I.E.L.D. Hero Tracker-Bridging-Header.h";
				SWIFT_OPTIMIZATION_LEVEL = "-Onone";
			};
			name = Debug;
		};
		FE1657181BCC2AAD00A71ACD /* Release */ = {
			isa = XCBuildConfiguration;
			baseConfigurationReference = 0028430843DD012A6150A56F /* Pods-S.H.I.E.L.D. Hero Tracker.release.xcconfig */;
			buildSettings = {
				ASSETCATALOG_COMPILER_APPICON_NAME = AppIcon;
				CLANG_ENABLE_MODULES = YES;
				CODE_SIGN_IDENTITY = "iPhone Developer";
				"CODE_SIGN_IDENTITY[sdk=iphoneos*]" = "iPhone Developer";
				INFOPLIST_FILE = "S.H.I.E.L.D. Hero Tracker/Info.plist";
				LD_RUNPATH_SEARCH_PATHS = "$(inherited) @executable_path/Frameworks";
				PRODUCT_BUNDLE_IDENTIFIER = "com.tiy.S-H-I-E-L-D--Hero-Tracker";
				PRODUCT_NAME = "$(TARGET_NAME)";
				PROVISIONING_PROFILE = "";
				SWIFT_OBJC_BRIDGING_HEADER = "S.H.I.E.L.D. Hero Tracker/S.H.I.E.L.D. Hero Tracker-Bridging-Header.h";
			};
			name = Release;
		};
/* End XCBuildConfiguration section */

/* Begin XCConfigurationList section */
		FE1656FF1BCC2AAD00A71ACD /* Build configuration list for PBXProject "S.H.I.E.L.D. Hero Tracker" */ = {
			isa = XCConfigurationList;
			buildConfigurations = (
				FE1657141BCC2AAD00A71ACD /* Debug */,
				FE1657151BCC2AAD00A71ACD /* Release */,
			);
			defaultConfigurationIsVisible = 0;
			defaultConfigurationName = Release;
		};
		FE1657161BCC2AAD00A71ACD /* Build configuration list for PBXNativeTarget "S.H.I.E.L.D. Hero Tracker" */ = {
			isa = XCConfigurationList;
			buildConfigurations = (
				FE1657171BCC2AAD00A71ACD /* Debug */,
				FE1657181BCC2AAD00A71ACD /* Release */,
			);
			defaultConfigurationIsVisible = 0;
			defaultConfigurationName = Release;
		};
/* End XCConfigurationList section */
	};
	rootObject = FE1656FC1BCC2AAD00A71ACD /* Project object */;
}
