// !$*UTF8*$!
{
	archiveVersion = 1;
	classes = {
	};
	objectVersion = 46;
	objects = {

/* Begin PBXBuildFile section */
		FE245F9D1BC6E68E00E54A00 /* AppDelegate.swift in Sources */ = {isa = PBXBuildFile; fileRef = FE245F9C1BC6E68E00E54A00 /* AppDelegate.swift */; };
		FE245F9F1BC6E68E00E54A00 /* OutaTimeViewController.swift in Sources */ = {isa = PBXBuildFile; fileRef = FE245F9E1BC6E68E00E54A00 /* OutaTimeViewController.swift */; };
		FE245FA21BC6E68E00E54A00 /* Main.storyboard in Resources */ = {isa = PBXBuildFile; fileRef = FE245FA01BC6E68E00E54A00 /* Main.storyboard */; };
		FE245FA41BC6E68E00E54A00 /* Assets.xcassets in Resources */ = {isa = PBXBuildFile; fileRef = FE245FA31BC6E68E00E54A00 /* Assets.xcassets */; };
		FE245FA71BC6E68E00E54A00 /* LaunchScreen.storyboard in Resources */ = {isa = PBXBuildFile; fileRef = FE245FA51BC6E68E00E54A00 /* LaunchScreen.storyboard */; };
		FE245FAF1BC6E80C00E54A00 /* digital-7.ttf in Resources */ = {isa = PBXBuildFile; fileRef = FE245FAE1BC6E80C00E54A00 /* digital-7.ttf */; settings = {ASSET_TAGS = (); }; };
		FE245FB11BC6FC8100E54A00 /* DatePickerViewController.swift in Sources */ = {isa = PBXBuildFile; fileRef = FE245FB01BC6FC8100E54A00 /* DatePickerViewController.swift */; settings = {ASSET_TAGS = (); }; };
/* End PBXBuildFile section */

/* Begin PBXFileReference section */
		FE245F991BC6E68E00E54A00 /* OutaTime.app */ = {isa = PBXFileReference; explicitFileType = wrapper.application; includeInIndex = 0; path = OutaTime.app; sourceTree = BUILT_PRODUCTS_DIR; };
		FE245F9C1BC6E68E00E54A00 /* AppDelegate.swift */ = {isa = PBXFileReference; lastKnownFileType = sourcecode.swift; path = AppDelegate.swift; sourceTree = "<group>"; };
		FE245F9E1BC6E68E00E54A00 /* OutaTimeViewController.swift */ = {isa = PBXFileReference; lastKnownFileType = sourcecode.swift; path = OutaTimeViewController.swift; sourceTree = "<group>"; };
		FE245FA11BC6E68E00E54A00 /* Base */ = {isa = PBXFileReference; lastKnownFileType = file.storyboard; name = Base; path = Base.lproj/Main.storyboard; sourceTree = "<group>"; };
		FE245FA31BC6E68E00E54A00 /* Assets.xcassets */ = {isa = PBXFileReference; lastKnownFileType = folder.assetcatalog; path = Assets.xcassets; sourceTree = "<group>"; };
		FE245FA61BC6E68E00E54A00 /* Base */ = {isa = PBXFileReference; lastKnownFileType = file.storyboard; name = Base; path = Base.lproj/LaunchScreen.storyboard; sourceTree = "<group>"; };
		FE245FA81BC6E68E00E54A00 /* Info.plist */ = {isa = PBXFileReference; lastKnownFileType = text.plist.xml; path = Info.plist; sourceTree = "<group>"; };
		FE245FAE1BC6E80C00E54A00 /* digital-7.ttf */ = {isa = PBXFileReference; lastKnownFileType = file; path = "digital-7.ttf"; sourceTree = "<group>"; };
		FE245FB01BC6FC8100E54A00 /* DatePickerViewController.swift */ = {isa = PBXFileReference; fileEncoding = 4; lastKnownFileType = sourcecode.swift; path = DatePickerViewController.swift; sourceTree = "<group>"; };
/* End PBXFileReference section */

/* Begin PBXFrameworksBuildPhase section */
		FE245F961BC6E68E00E54A00 /* Frameworks */ = {
			isa = PBXFrameworksBuildPhase;
			buildActionMask = 2147483647;
			files = (
			);
			runOnlyForDeploymentPostprocessing = 0;
		};
/* End PBXFrameworksBuildPhase section */

/* Begin PBXGroup section */
		FE245F901BC6E68E00E54A00 = {
			isa = PBXGroup;
			children = (
				FE245F9B1BC6E68E00E54A00 /* OutaTime */,
				FE245F9A1BC6E68E00E54A00 /* Products */,
			);
			sourceTree = "<group>";
		};
		FE245F9A1BC6E68E00E54A00 /* Products */ = {
			isa = PBXGroup;
			children = (
				FE245F991BC6E68E00E54A00 /* OutaTime.app */,
			);
			name = Products;
			sourceTree = "<group>";
		};
		FE245F9B1BC6E68E00E54A00 /* OutaTime */ = {
			isa = PBXGroup;
			children = (
				FE245FAE1BC6E80C00E54A00 /* digital-7.ttf */,
				FE245F9C1BC6E68E00E54A00 /* AppDelegate.swift */,
				FE245F9E1BC6E68E00E54A00 /* OutaTimeViewController.swift */,
				FE245FB01BC6FC8100E54A00 /* DatePickerViewController.swift */,
				FE245FA01BC6E68E00E54A00 /* Main.storyboard */,
				FE245FA31BC6E68E00E54A00 /* Assets.xcassets */,
				FE245FA51BC6E68E00E54A00 /* LaunchScreen.storyboard */,
				FE245FA81BC6E68E00E54A00 /* Info.plist */,
			);
			path = OutaTime;
			sourceTree = "<group>";
		};
/* End PBXGroup section */

/* Begin PBXNativeTarget section */
		FE245F981BC6E68E00E54A00 /* OutaTime */ = {
			isa = PBXNativeTarget;
			buildConfigurationList = FE245FAB1BC6E68E00E54A00 /* Build configuration list for PBXNativeTarget "OutaTime" */;
			buildPhases = (
				FE245F951BC6E68E00E54A00 /* Sources */,
				FE245F961BC6E68E00E54A00 /* Frameworks */,
				FE245F971BC6E68E00E54A00 /* Resources */,
			);
			buildRules = (
			);
			dependencies = (
			);
			name = OutaTime;
			productName = OutaTime;
			productReference = FE245F991BC6E68E00E54A00 /* OutaTime.app */;
			productType = "com.apple.product-type.application";
		};
/* End PBXNativeTarget section */

/* Begin PBXProject section */
		FE245F911BC6E68E00E54A00 /* Project object */ = {
			isa = PBXProject;
			attributes = {
				LastUpgradeCheck = 0700;
				ORGANIZATIONNAME = "The Iron Yard";
				TargetAttributes = {
					FE245F981BC6E68E00E54A00 = {
						CreatedOnToolsVersion = 7.0.1;
					};
				};
			};
			buildConfigurationList = FE245F941BC6E68E00E54A00 /* Build configuration list for PBXProject "OutaTime" */;
			compatibilityVersion = "Xcode 3.2";
			developmentRegion = English;
			hasScannedForEncodings = 0;
			knownRegions = (
				en,
				Base,
			);
			mainGroup = FE245F901BC6E68E00E54A00;
			productRefGroup = FE245F9A1BC6E68E00E54A00 /* Products */;
			projectDirPath = "";
			projectRoot = "";
			targets = (
				FE245F981BC6E68E00E54A00 /* OutaTime */,
			);
		};
/* End PBXProject section */

/* Begin PBXResourcesBuildPhase section */
		FE245F971BC6E68E00E54A00 /* Resources */ = {
			isa = PBXResourcesBuildPhase;
			buildActionMask = 2147483647;
			files = (
				FE245FA71BC6E68E00E54A00 /* LaunchScreen.storyboard in Resources */,
				FE245FA41BC6E68E00E54A00 /* Assets.xcassets in Resources */,
				FE245FA21BC6E68E00E54A00 /* Main.storyboard in Resources */,
				FE245FAF1BC6E80C00E54A00 /* digital-7.ttf in Resources */,
			);
			runOnlyForDeploymentPostprocessing = 0;
		};
/* End PBXResourcesBuildPhase section */

/* Begin PBXSourcesBuildPhase section */
		FE245F951BC6E68E00E54A00 /* Sources */ = {
			isa = PBXSourcesBuildPhase;
			buildActionMask = 2147483647;
			files = (
				FE245F9F1BC6E68E00E54A00 /* OutaTimeViewController.swift in Sources */,
				FE245F9D1BC6E68E00E54A00 /* AppDelegate.swift in Sources */,
				FE245FB11BC6FC8100E54A00 /* DatePickerViewController.swift in Sources */,
			);
			runOnlyForDeploymentPostprocessing = 0;
		};
/* End PBXSourcesBuildPhase section */

/* Begin PBXVariantGroup section */
		FE245FA01BC6E68E00E54A00 /* Main.storyboard */ = {
			isa = PBXVariantGroup;
			children = (
				FE245FA11BC6E68E00E54A00 /* Base */,
			);
			name = Main.storyboard;
			sourceTree = "<group>";
		};
		FE245FA51BC6E68E00E54A00 /* LaunchScreen.storyboard */ = {
			isa = PBXVariantGroup;
			children = (
				FE245FA61BC6E68E00E54A00 /* Base */,
			);
			name = LaunchScreen.storyboard;
			sourceTree = "<group>";
		};
/* End PBXVariantGroup section */

/* Begin XCBuildConfiguration section */
		FE245FA91BC6E68E00E54A00 /* Debug */ = {
			isa = XCBuildConfiguration;
			buildSettings = {
				ALWAYS_SEARCH_USER_PATHS = NO;
				CLANG_CXX_LANGUAGE_STANDARD = "gnu++0x";
				CLANG_CXX_LIBRARY = "libc++";
				CLANG_ENABLE_MODULES = YES;
				CLANG_ENABLE_OBJC_ARC = YES;
				CLANG_WARN_BOOL_CONVERSION = YES;
				CLANG_WARN_CONSTANT_CONVERSION = YES;
				CLANG_WARN_DIRECT_OBJC_ISA_USAGE = YES_ERROR;
				CLANG_WARN_EMPTY_BODY = YES;
				CLANG_WARN_ENUM_CONVERSION = YES;
				CLANG_WARN_INT_CONVERSION = YES;
				CLANG_WARN_OBJC_ROOT_CLASS = YES_ERROR;
				CLANG_WARN_UNREACHABLE_CODE = YES;
				CLANG_WARN__DUPLICATE_METHOD_MATCH = YES;
				"CODE_SIGN_IDENTITY[sdk=iphoneos*]" = "iPhone Developer";
				COPY_PHASE_STRIP = NO;
				DEBUG_INFORMATION_FORMAT = dwarf;
				ENABLE_STRICT_OBJC_MSGSEND = YES;
				ENABLE_TESTABILITY = YES;
				GCC_C_LANGUAGE_STANDARD = gnu99;
				GCC_DYNAMIC_NO_PIC = NO;
				GCC_NO_COMMON_BLOCKS = YES;
				GCC_OPTIMIZATION_LEVEL = 0;
				GCC_PREPROCESSOR_DEFINITIONS = (
					"DEBUG=1",
					"$(inherited)",
				);
				GCC_WARN_64_TO_32_BIT_CONVERSION = YES;
				GCC_WARN_ABOUT_RETURN_TYPE = YES_ERROR;
				GCC_WARN_UNDECLARED_SELECTOR = YES;
				GCC_WARN_UNINITIALIZED_AUTOS = YES_AGGRESSIVE;
				GCC_WARN_UNUSED_FUNCTION = YES;
				GCC_WARN_UNUSED_VARIABLE = YES;
				IPHONEOS_DEPLOYMENT_TARGET = 9.0;
				MTL_ENABLE_DEBUG_INFO = YES;
				ONLY_ACTIVE_ARCH = YES;
				SDKROOT = iphoneos;
				SWIFT_OPTIMIZATION_LEVEL = "-Onone";
			};
			name = Debug;
		};
		FE245FAA1BC6E68E00E54A00 /* Release */ = {
			isa = XCBuildConfiguration;
			buildSettings = {
				ALWAYS_SEARCH_USER_PATHS = NO;
				CLANG_CXX_LANGUAGE_STANDARD = "gnu++0x";
				CLANG_CXX_LIBRARY = "libc++";
				CLANG_ENABLE_MODULES = YES;
				CLANG_ENABLE_OBJC_ARC = YES;
				CLANG_WARN_BOOL_CONVERSION = YES;
				CLANG_WARN_CONSTANT_CONVERSION = YES;
				CLANG_WARN_DIRECT_OBJC_ISA_USAGE = YES_ERROR;
				CLANG_WARN_EMPTY_BODY = YES;
				CLANG_WARN_ENUM_CONVERSION = YES;
				CLANG_WARN_INT_CONVERSION = YES;
				CLANG_WARN_OBJC_ROOT_CLASS = YES_ERROR;
				CLANG_WARN_UNREACHABLE_CODE = YES;
				CLANG_WARN__DUPLICATE_METHOD_MATCH = YES;
				"CODE_SIGN_IDENTITY[sdk=iphoneos*]" = "iPhone Developer";
				COPY_PHASE_STRIP = NO;
				DEBUG_INFORMATION_FORMAT = "dwarf-with-dsym";
				ENABLE_NS_ASSERTIONS = NO;
				ENABLE_STRICT_OBJC_MSGSEND = YES;
				GCC_C_LANGUAGE_STANDARD = gnu99;
				GCC_NO_COMMON_BLOCKS = YES;
				GCC_WARN_64_TO_32_BIT_CONVERSION = YES;
				GCC_WARN_ABOUT_RETURN_TYPE = YES_ERROR;
				GCC_WARN_UNDECLARED_SELECTOR = YES;
				GCC_WARN_UNINITIALIZED_AUTOS = YES_AGGRESSIVE;
				GCC_WARN_UNUSED_FUNCTION = YES;
				GCC_WARN_UNUSED_VARIABLE = YES;
				IPHONEOS_DEPLOYMENT_TARGET = 9.0;
				MTL_ENABLE_DEBUG_INFO = NO;
				SDKROOT = iphoneos;
				VALIDATE_PRODUCT = YES;
			};
			name = Release;
		};
		FE245FAC1BC6E68E00E54A00 /* Debug */ = {
			isa = XCBuildConfiguration;
			buildSettings = {
				ASSETCATALOG_COMPILER_APPICON_NAME = AppIcon;
				INFOPLIST_FILE = OutaTime/Info.plist;
				LD_RUNPATH_SEARCH_PATHS = "$(inherited) @executable_path/Frameworks";
				PRODUCT_BUNDLE_IDENTIFIER = com.tiy.OutaTime;
				PRODUCT_NAME = "$(TARGET_NAME)";
			};
			name = Debug;
		};
		FE245FAD1BC6E68E00E54A00 /* Release */ = {
			isa = XCBuildConfiguration;
			buildSettings = {
				ASSETCATALOG_COMPILER_APPICON_NAME = AppIcon;
				INFOPLIST_FILE = OutaTime/Info.plist;
				LD_RUNPATH_SEARCH_PATHS = "$(inherited) @executable_path/Frameworks";
				PRODUCT_BUNDLE_IDENTIFIER = com.tiy.OutaTime;
				PRODUCT_NAME = "$(TARGET_NAME)";
			};
			name = Release;
		};
/* End XCBuildConfiguration section */

/* Begin XCConfigurationList section */
		FE245F941BC6E68E00E54A00 /* Build configuration list for PBXProject "OutaTime" */ = {
			isa = XCConfigurationList;
			buildConfigurations = (
				FE245FA91BC6E68E00E54A00 /* Debug */,
				FE245FAA1BC6E68E00E54A00 /* Release */,
			);
			defaultConfigurationIsVisible = 0;
			defaultConfigurationName = Release;
		};
		FE245FAB1BC6E68E00E54A00 /* Build configuration list for PBXNativeTarget "OutaTime" */ = {
			isa = XCConfigurationList;
			buildConfigurations = (
				FE245FAC1BC6E68E00E54A00 /* Debug */,
				FE245FAD1BC6E68E00E54A00 /* Release */,
			);
			defaultConfigurationIsVisible = 0;
		};
/* End XCConfigurationList section */
	};
	rootObject = FE245F911BC6E68E00E54A00 /* Project object */;
}
