// !$*UTF8*$!
{
	archiveVersion = 1;
	classes = {
	};
	objectVersion = 46;
	objects = {

/* Begin PBXBuildFile section */
		FE3EC4AD1BEBDFBA000DD54E /* DatePickerViewController.swift in Sources */ = {isa = PBXBuildFile; fileRef = FE3EC4AC1BEBDFBA000DD54E /* DatePickerViewController.swift */; };
		FE3EC4B21BEBDFBA000DD54E /* Assets.xcassets in Resources */ = {isa = PBXBuildFile; fileRef = FE3EC4B11BEBDFBA000DD54E /* Assets.xcassets */; };
		FE3EC4B51BEBDFBA000DD54E /* LaunchScreen.storyboard in Resources */ = {isa = PBXBuildFile; fileRef = FE3EC4B31BEBDFBA000DD54E /* LaunchScreen.storyboard */; };
		FE3EC4BD1BEBDFDC000DD54E /* Main.storyboard in Resources */ = {isa = PBXBuildFile; fileRef = FE3EC4BC1BEBDFDC000DD54E /* Main.storyboard */; };
		FE3EC4BF1BEBDFE2000DD54E /* digital-7.ttf in Resources */ = {isa = PBXBuildFile; fileRef = FE3EC4BE1BEBDFE2000DD54E /* digital-7.ttf */; };
		FEF6C7CF1BEC1D2100585E02 /* AppDelegate.swift in Sources */ = {isa = PBXBuildFile; fileRef = FEF6C7CE1BEC1D2100585E02 /* AppDelegate.swift */; };
		FEF6C7D11BEC1E9C00585E02 /* TimeCircuitsViewController.swift in Sources */ = {isa = PBXBuildFile; fileRef = FEF6C7D01BEC1E9C00585E02 /* TimeCircuitsViewController.swift */; };
/* End PBXBuildFile section */

/* Begin PBXFileReference section */
		FE3EC4A71BEBDFBA000DD54E /* 04-OutaTime.app */ = {isa = PBXFileReference; explicitFileType = wrapper.application; includeInIndex = 0; path = "04-OutaTime.app"; sourceTree = BUILT_PRODUCTS_DIR; };
		FE3EC4AC1BEBDFBA000DD54E /* DatePickerViewController.swift */ = {isa = PBXFileReference; lastKnownFileType = sourcecode.swift; path = DatePickerViewController.swift; sourceTree = "<group>"; };
		FE3EC4B11BEBDFBA000DD54E /* Assets.xcassets */ = {isa = PBXFileReference; lastKnownFileType = folder.assetcatalog; path = Assets.xcassets; sourceTree = "<group>"; };
		FE3EC4B41BEBDFBA000DD54E /* Base */ = {isa = PBXFileReference; lastKnownFileType = file.storyboard; name = Base; path = Base.lproj/LaunchScreen.storyboard; sourceTree = "<group>"; };
		FE3EC4B61BEBDFBA000DD54E /* Info.plist */ = {isa = PBXFileReference; lastKnownFileType = text.plist.xml; path = Info.plist; sourceTree = "<group>"; };
		FE3EC4BC1BEBDFDC000DD54E /* Main.storyboard */ = {isa = PBXFileReference; fileEncoding = 4; lastKnownFileType = file.storyboard; path = Main.storyboard; sourceTree = "<group>"; };
		FE3EC4BE1BEBDFE2000DD54E /* digital-7.ttf */ = {isa = PBXFileReference; lastKnownFileType = file; path = "digital-7.ttf"; sourceTree = "<group>"; };
		FEF6C7CE1BEC1D2100585E02 /* AppDelegate.swift */ = {isa = PBXFileReference; fileEncoding = 4; lastKnownFileType = sourcecode.swift; path = AppDelegate.swift; sourceTree = "<group>"; };
		FEF6C7D01BEC1E9C00585E02 /* TimeCircuitsViewController.swift */ = {isa = PBXFileReference; fileEncoding = 4; lastKnownFileType = sourcecode.swift; path = TimeCircuitsViewController.swift; sourceTree = "<group>"; };
/* End PBXFileReference section */

/* Begin PBXFrameworksBuildPhase section */
		FE3EC4A41BEBDFBA000DD54E /* Frameworks */ = {
			isa = PBXFrameworksBuildPhase;
			buildActionMask = 2147483647;
			files = (
			);
			runOnlyForDeploymentPostprocessing = 0;
		};
/* End PBXFrameworksBuildPhase section */

/* Begin PBXGroup section */
		FE3EC49E1BEBDFBA000DD54E = {
			isa = PBXGroup;
			children = (
				FE3EC4A91BEBDFBA000DD54E /* 04-OutaTime */,
				FE3EC4A81BEBDFBA000DD54E /* Products */,
			);
			sourceTree = "<group>";
		};
		FE3EC4A81BEBDFBA000DD54E /* Products */ = {
			isa = PBXGroup;
			children = (
				FE3EC4A71BEBDFBA000DD54E /* 04-OutaTime.app */,
			);
			name = Products;
			sourceTree = "<group>";
		};
		FE3EC4A91BEBDFBA000DD54E /* 04-OutaTime */ = {
			isa = PBXGroup;
			children = (
				FEF6C7CE1BEC1D2100585E02 /* AppDelegate.swift */,
				FE3EC4AC1BEBDFBA000DD54E /* DatePickerViewController.swift */,
				FEF6C7D01BEC1E9C00585E02 /* TimeCircuitsViewController.swift */,
				FE3EC4BC1BEBDFDC000DD54E /* Main.storyboard */,
				FE3EC4B11BEBDFBA000DD54E /* Assets.xcassets */,
				FE3EC4BE1BEBDFE2000DD54E /* digital-7.ttf */,
				FE3EC4B31BEBDFBA000DD54E /* LaunchScreen.storyboard */,
				FE3EC4B61BEBDFBA000DD54E /* Info.plist */,
			);
			path = "04-OutaTime";
			sourceTree = "<group>";
		};
/* End PBXGroup section */

/* Begin PBXNativeTarget section */
		FE3EC4A61BEBDFBA000DD54E /* 04-OutaTime */ = {
			isa = PBXNativeTarget;
			buildConfigurationList = FE3EC4B91BEBDFBA000DD54E /* Build configuration list for PBXNativeTarget "04-OutaTime" */;
			buildPhases = (
				FE3EC4A31BEBDFBA000DD54E /* Sources */,
				FE3EC4A41BEBDFBA000DD54E /* Frameworks */,
				FE3EC4A51BEBDFBA000DD54E /* Resources */,
			);
			buildRules = (
			);
			dependencies = (
			);
			name = "04-OutaTime";
			productName = "04-OutaTime";
			productReference = FE3EC4A71BEBDFBA000DD54E /* 04-OutaTime.app */;
			productType = "com.apple.product-type.application";
		};
/* End PBXNativeTarget section */

/* Begin PBXProject section */
		FE3EC49F1BEBDFBA000DD54E /* Project object */ = {
			isa = PBXProject;
			attributes = {
				LastSwiftUpdateCheck = 0710;
				LastUpgradeCheck = 0710;
				ORGANIZATIONNAME = "The Iron Yard";
				TargetAttributes = {
					FE3EC4A61BEBDFBA000DD54E = {
						CreatedOnToolsVersion = 7.1;
						DevelopmentTeam = W89Q7DEDF7;
					};
				};
			};
			buildConfigurationList = FE3EC4A21BEBDFBA000DD54E /* Build configuration list for PBXProject "04-OutaTime" */;
			compatibilityVersion = "Xcode 3.2";
			developmentRegion = English;
			hasScannedForEncodings = 0;
			knownRegions = (
				en,
				Base,
			);
			mainGroup = FE3EC49E1BEBDFBA000DD54E;
			productRefGroup = FE3EC4A81BEBDFBA000DD54E /* Products */;
			projectDirPath = "";
			projectRoot = "";
			targets = (
				FE3EC4A61BEBDFBA000DD54E /* 04-OutaTime */,
			);
		};
/* End PBXProject section */

/* Begin PBXResourcesBuildPhase section */
		FE3EC4A51BEBDFBA000DD54E /* Resources */ = {
			isa = PBXResourcesBuildPhase;
			buildActionMask = 2147483647;
			files = (
				FE3EC4BD1BEBDFDC000DD54E /* Main.storyboard in Resources */,
				FE3EC4B51BEBDFBA000DD54E /* LaunchScreen.storyboard in Resources */,
				FE3EC4B21BEBDFBA000DD54E /* Assets.xcassets in Resources */,
				FE3EC4BF1BEBDFE2000DD54E /* digital-7.ttf in Resources */,
			);
			runOnlyForDeploymentPostprocessing = 0;
		};
/* End PBXResourcesBuildPhase section */

/* Begin PBXSourcesBuildPhase section */
		FE3EC4A31BEBDFBA000DD54E /* Sources */ = {
			isa = PBXSourcesBuildPhase;
			buildActionMask = 2147483647;
			files = (
				FEF6C7D11BEC1E9C00585E02 /* TimeCircuitsViewController.swift in Sources */,
				FEF6C7CF1BEC1D2100585E02 /* AppDelegate.swift in Sources */,
				FE3EC4AD1BEBDFBA000DD54E /* DatePickerViewController.swift in Sources */,
			);
			runOnlyForDeploymentPostprocessing = 0;
		};
/* End PBXSourcesBuildPhase section */

/* Begin PBXVariantGroup section */
		FE3EC4B31BEBDFBA000DD54E /* LaunchScreen.storyboard */ = {
			isa = PBXVariantGroup;
			children = (
				FE3EC4B41BEBDFBA000DD54E /* Base */,
			);
			name = LaunchScreen.storyboard;
			sourceTree = "<group>";
		};
/* End PBXVariantGroup section */

/* Begin XCBuildConfiguration section */
		FE3EC4B71BEBDFBA000DD54E /* Debug */ = {
			isa = XCBuildConfiguration;
			buildSettings = {
				ALWAYS_SEARCH_USER_PATHS = NO;
				CLANG_CXX_LANGUAGE_STANDARD = "gnu++0x";
				CLANG_CXX_LIBRARY = "libc++";
				CLANG_ENABLE_MODULES = YES;
				CLANG_ENABLE_OBJC_ARC = YES;
				CLANG_WARN_BOOL_CONVERSION = YES;
				CLANG_WARN_CONSTANT_CONVERSION = YES;
				CLANG_WARN_DIRECT_OBJC_ISA_USAGE = YES_ERROR;
				CLANG_WARN_EMPTY_BODY = YES;
				CLANG_WARN_ENUM_CONVERSION = YES;
				CLANG_WARN_INT_CONVERSION = YES;
				CLANG_WARN_OBJC_ROOT_CLASS = YES_ERROR;
				CLANG_WARN_UNREACHABLE_CODE = YES;
				CLANG_WARN__DUPLICATE_METHOD_MATCH = YES;
				"CODE_SIGN_IDENTITY[sdk=iphoneos*]" = "iPhone Developer";
				COPY_PHASE_STRIP = NO;
				DEBUG_INFORMATION_FORMAT = dwarf;
				ENABLE_STRICT_OBJC_MSGSEND = YES;
				ENABLE_TESTABILITY = YES;
				GCC_C_LANGUAGE_STANDARD = gnu99;
				GCC_DYNAMIC_NO_PIC = NO;
				GCC_NO_COMMON_BLOCKS = YES;
				GCC_OPTIMIZATION_LEVEL = 0;
				GCC_PREPROCESSOR_DEFINITIONS = (
					"DEBUG=1",
					"$(inherited)",
				);
				GCC_WARN_64_TO_32_BIT_CONVERSION = YES;
				GCC_WARN_ABOUT_RETURN_TYPE = YES_ERROR;
				GCC_WARN_UNDECLARED_SELECTOR = YES;
				GCC_WARN_UNINITIALIZED_AUTOS = YES_AGGRESSIVE;
				GCC_WARN_UNUSED_FUNCTION = YES;
				GCC_WARN_UNUSED_VARIABLE = YES;
				IPHONEOS_DEPLOYMENT_TARGET = 9.1;
				MTL_ENABLE_DEBUG_INFO = YES;
				ONLY_ACTIVE_ARCH = YES;
				SDKROOT = iphoneos;
				SWIFT_OPTIMIZATION_LEVEL = "-Onone";
			};
			name = Debug;
		};
		FE3EC4B81BEBDFBA000DD54E /* Release */ = {
			isa = XCBuildConfiguration;
			buildSettings = {
				ALWAYS_SEARCH_USER_PATHS = NO;
				CLANG_CXX_LANGUAGE_STANDARD = "gnu++0x";
				CLANG_CXX_LIBRARY = "libc++";
				CLANG_ENABLE_MODULES = YES;
				CLANG_ENABLE_OBJC_ARC = YES;
				CLANG_WARN_BOOL_CONVERSION = YES;
				CLANG_WARN_CONSTANT_CONVERSION = YES;
				CLANG_WARN_DIRECT_OBJC_ISA_USAGE = YES_ERROR;
				CLANG_WARN_EMPTY_BODY = YES;
				CLANG_WARN_ENUM_CONVERSION = YES;
				CLANG_WARN_INT_CONVERSION = YES;
				CLANG_WARN_OBJC_ROOT_CLASS = YES_ERROR;
				CLANG_WARN_UNREACHABLE_CODE = YES;
				CLANG_WARN__DUPLICATE_METHOD_MATCH = YES;
				"CODE_SIGN_IDENTITY[sdk=iphoneos*]" = "iPhone Developer";
				COPY_PHASE_STRIP = NO;
				DEBUG_INFORMATION_FORMAT = "dwarf-with-dsym";
				ENABLE_NS_ASSERTIONS = NO;
				ENABLE_STRICT_OBJC_MSGSEND = YES;
				GCC_C_LANGUAGE_STANDARD = gnu99;
				GCC_NO_COMMON_BLOCKS = YES;
				GCC_WARN_64_TO_32_BIT_CONVERSION = YES;
				GCC_WARN_ABOUT_RETURN_TYPE = YES_ERROR;
				GCC_WARN_UNDECLARED_SELECTOR = YES;
				GCC_WARN_UNINITIALIZED_AUTOS = YES_AGGRESSIVE;
				GCC_WARN_UNUSED_FUNCTION = YES;
				GCC_WARN_UNUSED_VARIABLE = YES;
				IPHONEOS_DEPLOYMENT_TARGET = 9.1;
				MTL_ENABLE_DEBUG_INFO = NO;
				SDKROOT = iphoneos;
				VALIDATE_PRODUCT = YES;
			};
			name = Release;
		};
		FE3EC4BA1BEBDFBA000DD54E /* Debug */ = {
			isa = XCBuildConfiguration;
			buildSettings = {
				ASSETCATALOG_COMPILER_APPICON_NAME = AppIcon;
				INFOPLIST_FILE = "04-OutaTime/Info.plist";
				LD_RUNPATH_SEARCH_PATHS = "$(inherited) @executable_path/Frameworks";
				PRODUCT_BUNDLE_IDENTIFIER = "com.tiy.-4-OutaTime";
				PRODUCT_NAME = "$(TARGET_NAME)";
			};
			name = Debug;
		};
		FE3EC4BB1BEBDFBA000DD54E /* Release */ = {
			isa = XCBuildConfiguration;
			buildSettings = {
				ASSETCATALOG_COMPILER_APPICON_NAME = AppIcon;
				INFOPLIST_FILE = "04-OutaTime/Info.plist";
				LD_RUNPATH_SEARCH_PATHS = "$(inherited) @executable_path/Frameworks";
				PRODUCT_BUNDLE_IDENTIFIER = "com.tiy.-4-OutaTime";
				PRODUCT_NAME = "$(TARGET_NAME)";
			};
			name = Release;
		};
/* End XCBuildConfiguration section */

/* Begin XCConfigurationList section */
		FE3EC4A21BEBDFBA000DD54E /* Build configuration list for PBXProject "04-OutaTime" */ = {
			isa = XCConfigurationList;
			buildConfigurations = (
				FE3EC4B71BEBDFBA000DD54E /* Debug */,
				FE3EC4B81BEBDFBA000DD54E /* Release */,
			);
			defaultConfigurationIsVisible = 0;
			defaultConfigurationName = Release;
		};
		FE3EC4B91BEBDFBA000DD54E /* Build configuration list for PBXNativeTarget "04-OutaTime" */ = {
			isa = XCConfigurationList;
			buildConfigurations = (
				FE3EC4BA1BEBDFBA000DD54E /* Debug */,
				FE3EC4BB1BEBDFBA000DD54E /* Release */,
			);
			defaultConfigurationIsVisible = 0;
			defaultConfigurationName = Release;
		};
/* End XCConfigurationList section */
	};
	rootObject = FE3EC49F1BEBDFBA000DD54E /* Project object */;
}
